// !$*UTF8*$!
{
	archiveVersion = 1;
	classes = {
	};
	objectVersion = 70;
	objects = {

/* Begin PBXBuildFile section */
		F901D9892E93240900F3B3D9 /* WindowComposer.swift in Sources */ = {isa = PBXBuildFile; fileRef = F901D9882E93240900F3B3D9 /* WindowComposer.swift */; };
		F90877052E1028E000023426 /* SearchSuggestionView.swift in Sources */ = {isa = PBXBuildFile; fileRef = F90877042E1028E000023426 /* SearchSuggestionView.swift */; };
		F90AA4752F4F9A0800B3B9A7 /* RealityKitContent in Frameworks */ = {isa = PBXBuildFile; productRef = F90AA4742F4F9A0800B3B9A7 /* RealityKitContent */; };
		F91201272F056317005D9325 /* MenuCommands.swift in Sources */ = {isa = PBXBuildFile; fileRef = F91201262F056317005D9325 /* MenuCommands.swift */; };
		F92921BE2B70F5B300173702 /* WebBrowserApp.swift in Sources */ = {isa = PBXBuildFile; fileRef = F92921BD2B70F5B300173702 /* WebBrowserApp.swift */; };
		F92921C22B70F5B500173702 /* Assets.xcassets in Resources */ = {isa = PBXBuildFile; fileRef = F92921C12B70F5B500173702 /* Assets.xcassets */; };
		F92921C62B70F5B500173702 /* Preview Assets.xcassets in Resources */ = {isa = PBXBuildFile; fileRef = F92921C52B70F5B500173702 /* Preview Assets.xcassets */; };
		F92921EB2B70F99400173702 /* WindowView.swift in Sources */ = {isa = PBXBuildFile; fileRef = F92921EA2B70F99400173702 /* WindowView.swift */; };
		F92921F02B70F9F900173702 /* AddressBarView.swift in Sources */ = {isa = PBXBuildFile; fileRef = F92921EF2B70F9F900173702 /* AddressBarView.swift */; };
		F92921F22B70FA0C00173702 /* NavigationBar.swift in Sources */ = {isa = PBXBuildFile; fileRef = F92921F12B70FA0C00173702 /* NavigationBar.swift */; };
		F92E5C242CD980150019A9AE /* AddBookmarkView.swift in Sources */ = {isa = PBXBuildFile; fileRef = F92E5C1E2CD980150019A9AE /* AddBookmarkView.swift */; };
		F932F2032CE23A6A00B12B45 /* BookmarkViewModelTests.swift in Sources */ = {isa = PBXBuildFile; fileRef = F932F2002CE23A6A00B12B45 /* BookmarkViewModelTests.swift */; };
		F932F20D2CE23A7800B12B45 /* BookmarkComposer.swift in Sources */ = {isa = PBXBuildFile; fileRef = F932F2052CE23A7800B12B45 /* BookmarkComposer.swift */; };
		F932F20E2CE23A7800B12B45 /* BookmarkViewModel.swift in Sources */ = {isa = PBXBuildFile; fileRef = F932F2072CE23A7800B12B45 /* BookmarkViewModel.swift */; };
		F932F20F2CE23A7800B12B45 /* BookmarkView.swift in Sources */ = {isa = PBXBuildFile; fileRef = F932F2092CE23A7800B12B45 /* BookmarkView.swift */; };
		F941ED392EAA4BE7007FCB44 /* TabBarView.swift in Sources */ = {isa = PBXBuildFile; fileRef = F941ED382EAA4BE7007FCB44 /* TabBarView.swift */; };
		F94379A02C911B7900DEBFF7 /* HistoryView.swift in Sources */ = {isa = PBXBuildFile; fileRef = F943799F2C911B7900DEBFF7 /* HistoryView.swift */; };
		F9462B182C4890B000451759 /* HistoryComposer.swift in Sources */ = {isa = PBXBuildFile; fileRef = F9462B172C4890B000451759 /* HistoryComposer.swift */; };
		F949B54A2DFA2F86006CC1F4 /* SearchSuggestionComposer.swift in Sources */ = {isa = PBXBuildFile; fileRef = F949B5492DFA2F86006CC1F4 /* SearchSuggestionComposer.swift */; };
		F94A60F12C758C52001384CB /* MenuView.swift in Sources */ = {isa = PBXBuildFile; fileRef = F94A60F02C758C52001384CB /* MenuView.swift */; };
		F94D65F52BF83D4F00E34EF0 /* WebsiteProtectionButton.swift in Sources */ = {isa = PBXBuildFile; fileRef = F94D65F42BF83D4F00E34EF0 /* WebsiteProtectionButton.swift */; };
		F94FD0072F26D6D000D7ABA2 /* TabSessionStore.swift in Sources */ = {isa = PBXBuildFile; fileRef = F94FD0062F26D6D000D7ABA2 /* TabSessionStore.swift */; };
		F94FD0082F26D6D000D7ABA2 /* TabSessionStore.swift in Sources */ = {isa = PBXBuildFile; fileRef = F94FD0062F26D6D000D7ABA2 /* TabSessionStore.swift */; };
		F94FD0092F26D6D000D7ABA2 /* TabSessionStore.swift in Sources */ = {isa = PBXBuildFile; fileRef = F94FD0062F26D6D000D7ABA2 /* TabSessionStore.swift */; };
		F956B97E2F2FE30F00FDE65A /* WindowViewModel.swift in Sources */ = {isa = PBXBuildFile; fileRef = F956B97D2F2FE30F00FDE65A /* WindowViewModel.swift */; };
		F956B97F2F2FE30F00FDE65A /* WindowViewModel.swift in Sources */ = {isa = PBXBuildFile; fileRef = F956B97D2F2FE30F00FDE65A /* WindowViewModel.swift */; };
		F956B9802F2FE30F00FDE65A /* WindowViewModel.swift in Sources */ = {isa = PBXBuildFile; fileRef = F956B97D2F2FE30F00FDE65A /* WindowViewModel.swift */; };
		F958C74F2CA9FA6B0011D544 /* HistoryViewModelTests.swift in Sources */ = {isa = PBXBuildFile; fileRef = F958C74E2CA9FA6B0011D544 /* HistoryViewModelTests.swift */; };
		F95DBA8D2B863A2C0048A987 /* TabViewModel.swift in Sources */ = {isa = PBXBuildFile; fileRef = F95DBA8C2B863A2C0048A987 /* TabViewModel.swift */; };
		F9632D952C186D7800A4F7F9 /* NavigationList.swift in Sources */ = {isa = PBXBuildFile; fileRef = F9632D942C186D7800A4F7F9 /* NavigationList.swift */; };
		F9654DEB2C149F4D000559FF /* CustomGestureButton.swift in Sources */ = {isa = PBXBuildFile; fileRef = F9654DEA2C149F4D000559FF /* CustomGestureButton.swift */; };
		F96998AD2EEDF21200C3286D /* WebsiteProtectionButton.swift in Sources */ = {isa = PBXBuildFile; fileRef = F94D65F42BF83D4F00E34EF0 /* WebsiteProtectionButton.swift */; };
		F96998AE2EEDF21200C3286D /* TabViewModel.swift in Sources */ = {isa = PBXBuildFile; fileRef = F95DBA8C2B863A2C0048A987 /* TabViewModel.swift */; };
		F96998AF2EEDF21200C3286D /* BookmarkComposer.swift in Sources */ = {isa = PBXBuildFile; fileRef = F932F2052CE23A7800B12B45 /* BookmarkComposer.swift */; };
		F96998B02EEDF21200C3286D /* BookmarkViewModel.swift in Sources */ = {isa = PBXBuildFile; fileRef = F932F2072CE23A7800B12B45 /* BookmarkViewModel.swift */; };
		F96998B12EEDF21200C3286D /* SearchSuggestionView.swift in Sources */ = {isa = PBXBuildFile; fileRef = F90877042E1028E000023426 /* SearchSuggestionView.swift */; };
		F96998B22EEDF21200C3286D /* NavigationList.swift in Sources */ = {isa = PBXBuildFile; fileRef = F9632D942C186D7800A4F7F9 /* NavigationList.swift */; };
		F96998B32EEDF21200C3286D /* CustomGestureButton.swift in Sources */ = {isa = PBXBuildFile; fileRef = F9654DEA2C149F4D000559FF /* CustomGestureButton.swift */; };
		F96998B42EEDF21200C3286D /* SearchSuggestionViewModel.swift in Sources */ = {isa = PBXBuildFile; fileRef = F989C4AC2E04527A0021132F /* SearchSuggestionViewModel.swift */; };
		F96998B52EEDF21200C3286D /* HistoryComposer.swift in Sources */ = {isa = PBXBuildFile; fileRef = F9462B172C4890B000451759 /* HistoryComposer.swift */; };
		F96998B72EEDF21200C3286D /* WebViewWrapper.swift in Sources */ = {isa = PBXBuildFile; fileRef = F9CDFD782B711A7C0024E0AD /* WebViewWrapper.swift */; };
		F96998B82EEDF21200C3286D /* HistoryViewModel.swift in Sources */ = {isa = PBXBuildFile; fileRef = F9E55D312C45EFD5008B7C64 /* HistoryViewModel.swift */; };
		F96998B92EEDF21200C3286D /* WebKitEngineWrapper.swift in Sources */ = {isa = PBXBuildFile; fileRef = F987B3AF2CFDDAD100474A1E /* WebKitEngineWrapper.swift */; };
		F96998BA2EEDF21200C3286D /* BookmarkSwiftDataStore.swift in Sources */ = {isa = PBXBuildFile; fileRef = F987B3A92CFDD9DF00474A1E /* BookmarkSwiftDataStore.swift */; };
		F96998BB2EEDF21200C3286D /* JsonLoader.swift in Sources */ = {isa = PBXBuildFile; fileRef = F987B3D02CFDDD4800474A1E /* JsonLoader.swift */; };
		F96998BC2EEDF21200C3286D /* AddressBarView.swift in Sources */ = {isa = PBXBuildFile; fileRef = F92921EF2B70F9F900173702 /* AddressBarView.swift */; };
		F96998BD2EEDF21200C3286D /* NavigationBar.swift in Sources */ = {isa = PBXBuildFile; fileRef = F92921F12B70FA0C00173702 /* NavigationBar.swift */; };
		F96998BE2EEDF21200C3286D /* SearchSuggestionComposer.swift in Sources */ = {isa = PBXBuildFile; fileRef = F949B5492DFA2F86006CC1F4 /* SearchSuggestionComposer.swift */; };
		F96998BF2EEDF21200C3286D /* HistorySwiftDataStore.swift in Sources */ = {isa = PBXBuildFile; fileRef = F987B3AC2CFDDA5500474A1E /* HistorySwiftDataStore.swift */; };
		F96998C02EEDF21200C3286D /* TabBarView.swift in Sources */ = {isa = PBXBuildFile; fileRef = F941ED382EAA4BE7007FCB44 /* TabBarView.swift */; };
		F96998C12EEDF21200C3286D /* CookiesContentRules.json in Resources */ = {isa = PBXBuildFile; fileRef = F987B3C12CFDDC7800474A1E /* CookiesContentRules.json */; };
		F96998C22EEDF21200C3286D /* AdvertisingRules.json in Resources */ = {isa = PBXBuildFile; fileRef = F987B3BD2CFDDC7800474A1E /* AdvertisingRules.json */; };
		F96998C32EEDF21200C3286D /* CryptominingRules.json in Resources */ = {isa = PBXBuildFile; fileRef = F987B3C32CFDDC7800474A1E /* CryptominingRules.json */; };
		F96998C42EEDF21200C3286D /* CookiesAnalyticsRules.json in Resources */ = {isa = PBXBuildFile; fileRef = F987B3C02CFDDC7800474A1E /* CookiesAnalyticsRules.json */; };
		F96998C52EEDF21200C3286D /* AnalyticsRules.json in Resources */ = {isa = PBXBuildFile; fileRef = F987B3BE2CFDDC7800474A1E /* AnalyticsRules.json */; };
		F96998C62EEDF21200C3286D /* CookiesAdvertisingRules.json in Resources */ = {isa = PBXBuildFile; fileRef = F987B3BF2CFDDC7800474A1E /* CookiesAdvertisingRules.json */; };
		F96998C72EEDF21200C3286D /* FingerprintingRules.json in Resources */ = {isa = PBXBuildFile; fileRef = F987B3C42CFDDC7800474A1E /* FingerprintingRules.json */; };
		F96998C82EEDF21200C3286D /* SocialRules.json in Resources */ = {isa = PBXBuildFile; fileRef = F987B3C52CFDDC7800474A1E /* SocialRules.json */; };
		F96998C92EEDF21200C3286D /* CookiesSocialRules.json in Resources */ = {isa = PBXBuildFile; fileRef = F987B3C22CFDDC7800474A1E /* CookiesSocialRules.json */; };
		F96998EA2EEDF3FF00C3286D /* Services in Frameworks */ = {isa = PBXBuildFile; productRef = F96998E92EEDF3FF00C3286D /* Services */; };
		F96999182EEEE9E400C3286D /* Services in Frameworks */ = {isa = PBXBuildFile; productRef = F96999172EEEE9E400C3286D /* Services */; };
		F969992E2EEEEAAC00C3286D /* CryptominingRules.json in Resources */ = {isa = PBXBuildFile; fileRef = F987B3C32CFDDC7800474A1E /* CryptominingRules.json */; };
		F969992F2EEEEAAC00C3286D /* CookiesAdvertisingRules.json in Resources */ = {isa = PBXBuildFile; fileRef = F987B3BF2CFDDC7800474A1E /* CookiesAdvertisingRules.json */; };
		F96999302EEEEAAC00C3286D /* FingerprintingRules.json in Resources */ = {isa = PBXBuildFile; fileRef = F987B3C42CFDDC7800474A1E /* FingerprintingRules.json */; };
		F96999312EEEEAAC00C3286D /* CookiesContentRules.json in Resources */ = {isa = PBXBuildFile; fileRef = F987B3C12CFDDC7800474A1E /* CookiesContentRules.json */; };
		F96999322EEEEAAC00C3286D /* SocialRules.json in Resources */ = {isa = PBXBuildFile; fileRef = F987B3C52CFDDC7800474A1E /* SocialRules.json */; };
		F96999332EEEEAAC00C3286D /* AnalyticsRules.json in Resources */ = {isa = PBXBuildFile; fileRef = F987B3BE2CFDDC7800474A1E /* AnalyticsRules.json */; };
		F96999342EEEEAAC00C3286D /* CookiesSocialRules.json in Resources */ = {isa = PBXBuildFile; fileRef = F987B3C22CFDDC7800474A1E /* CookiesSocialRules.json */; };
		F96999352EEEEAAC00C3286D /* AdvertisingRules.json in Resources */ = {isa = PBXBuildFile; fileRef = F987B3BD2CFDDC7800474A1E /* AdvertisingRules.json */; };
		F96999362EEEEAAC00C3286D /* CookiesAnalyticsRules.json in Resources */ = {isa = PBXBuildFile; fileRef = F987B3C02CFDDC7800474A1E /* CookiesAnalyticsRules.json */; };
		F96999372EEEEAAC00C3286D /* SearchSuggestionComposer.swift in Sources */ = {isa = PBXBuildFile; fileRef = F949B5492DFA2F86006CC1F4 /* SearchSuggestionComposer.swift */; };
		F96999392EEEEAAC00C3286D /* HistoryComposer.swift in Sources */ = {isa = PBXBuildFile; fileRef = F9462B172C4890B000451759 /* HistoryComposer.swift */; };
		F969993B2EEEEAAC00C3286D /* SearchSuggestionViewModel.swift in Sources */ = {isa = PBXBuildFile; fileRef = F989C4AC2E04527A0021132F /* SearchSuggestionViewModel.swift */; };
		F969993C2EEEEAAC00C3286D /* WebViewWrapper.swift in Sources */ = {isa = PBXBuildFile; fileRef = F9CDFD782B711A7C0024E0AD /* WebViewWrapper.swift */; };
		F969993D2EEEEAAC00C3286D /* JsonLoader.swift in Sources */ = {isa = PBXBuildFile; fileRef = F987B3D02CFDDD4800474A1E /* JsonLoader.swift */; };
		F969993E2EEEEAAC00C3286D /* CustomGestureButton.swift in Sources */ = {isa = PBXBuildFile; fileRef = F9654DEA2C149F4D000559FF /* CustomGestureButton.swift */; };
		F969993F2EEEEAAC00C3286D /* HistorySwiftDataStore.swift in Sources */ = {isa = PBXBuildFile; fileRef = F987B3AC2CFDDA5500474A1E /* HistorySwiftDataStore.swift */; };
		F96999402EEEEAAC00C3286D /* NavigationBar.swift in Sources */ = {isa = PBXBuildFile; fileRef = F92921F12B70FA0C00173702 /* NavigationBar.swift */; };
		F96999412EEEEAAC00C3286D /* BookmarkComposer.swift in Sources */ = {isa = PBXBuildFile; fileRef = F932F2052CE23A7800B12B45 /* BookmarkComposer.swift */; };
		F96999422EEEEAAC00C3286D /* NavigationList.swift in Sources */ = {isa = PBXBuildFile; fileRef = F9632D942C186D7800A4F7F9 /* NavigationList.swift */; };
		F96999432EEEEAAC00C3286D /* WebsiteProtectionButton.swift in Sources */ = {isa = PBXBuildFile; fileRef = F94D65F42BF83D4F00E34EF0 /* WebsiteProtectionButton.swift */; };
		F96999442EEEEAAC00C3286D /* HistoryViewModel.swift in Sources */ = {isa = PBXBuildFile; fileRef = F9E55D312C45EFD5008B7C64 /* HistoryViewModel.swift */; };
		F96999452EEEEAAC00C3286D /* BookmarkViewModel.swift in Sources */ = {isa = PBXBuildFile; fileRef = F932F2072CE23A7800B12B45 /* BookmarkViewModel.swift */; };
		F96999462EEEEAAC00C3286D /* BookmarkSwiftDataStore.swift in Sources */ = {isa = PBXBuildFile; fileRef = F987B3A92CFDD9DF00474A1E /* BookmarkSwiftDataStore.swift */; };
		F96999472EEEEAAC00C3286D /* SearchSuggestionView.swift in Sources */ = {isa = PBXBuildFile; fileRef = F90877042E1028E000023426 /* SearchSuggestionView.swift */; };
		F96999482EEEEAAC00C3286D /* TabViewModel.swift in Sources */ = {isa = PBXBuildFile; fileRef = F95DBA8C2B863A2C0048A987 /* TabViewModel.swift */; };
		F96999492EEEEAAC00C3286D /* WebKitEngineWrapper.swift in Sources */ = {isa = PBXBuildFile; fileRef = F987B3AF2CFDDAD100474A1E /* WebKitEngineWrapper.swift */; };
		F969994B2EEEEAAC00C3286D /* AddressBarView.swift in Sources */ = {isa = PBXBuildFile; fileRef = F92921EF2B70F9F900173702 /* AddressBarView.swift */; };
		F971D8532F34D9A400D13A26 /* HistoryAdapter.swift in Sources */ = {isa = PBXBuildFile; fileRef = F971D8522F34D9A400D13A26 /* HistoryAdapter.swift */; };
		F971D8542F34D9A400D13A26 /* HistoryAdapter.swift in Sources */ = {isa = PBXBuildFile; fileRef = F971D8522F34D9A400D13A26 /* HistoryAdapter.swift */; };
		F971D8552F34D9A400D13A26 /* HistoryAdapter.swift in Sources */ = {isa = PBXBuildFile; fileRef = F971D8522F34D9A400D13A26 /* HistoryAdapter.swift */; };
		F97A2E752CEEACAC007E6D85 /* Services in Frameworks */ = {isa = PBXBuildFile; productRef = F97A2E742CEEACAC007E6D85 /* Services */; };
		F987B3AA2CFDD9DF00474A1E /* BookmarkSwiftDataStore.swift in Sources */ = {isa = PBXBuildFile; fileRef = F987B3A92CFDD9DF00474A1E /* BookmarkSwiftDataStore.swift */; };
		F987B3AD2CFDDA5500474A1E /* HistorySwiftDataStore.swift in Sources */ = {isa = PBXBuildFile; fileRef = F987B3AC2CFDDA5500474A1E /* HistorySwiftDataStore.swift */; };
		F987B3B02CFDDAD100474A1E /* WebKitEngineWrapper.swift in Sources */ = {isa = PBXBuildFile; fileRef = F987B3AF2CFDDAD100474A1E /* WebKitEngineWrapper.swift */; };
		F987B3C72CFDDC7800474A1E /* SocialRules.json in Resources */ = {isa = PBXBuildFile; fileRef = F987B3C52CFDDC7800474A1E /* SocialRules.json */; };
		F987B3C82CFDDC7800474A1E /* CookiesAdvertisingRules.json in Resources */ = {isa = PBXBuildFile; fileRef = F987B3BF2CFDDC7800474A1E /* CookiesAdvertisingRules.json */; };
		F987B3C92CFDDC7800474A1E /* CryptominingRules.json in Resources */ = {isa = PBXBuildFile; fileRef = F987B3C32CFDDC7800474A1E /* CryptominingRules.json */; };
		F987B3CA2CFDDC7800474A1E /* CookiesContentRules.json in Resources */ = {isa = PBXBuildFile; fileRef = F987B3C12CFDDC7800474A1E /* CookiesContentRules.json */; };
		F987B3CB2CFDDC7800474A1E /* CookiesSocialRules.json in Resources */ = {isa = PBXBuildFile; fileRef = F987B3C22CFDDC7800474A1E /* CookiesSocialRules.json */; };
		F987B3CC2CFDDC7800474A1E /* CookiesAnalyticsRules.json in Resources */ = {isa = PBXBuildFile; fileRef = F987B3C02CFDDC7800474A1E /* CookiesAnalyticsRules.json */; };
		F987B3CD2CFDDC7800474A1E /* AnalyticsRules.json in Resources */ = {isa = PBXBuildFile; fileRef = F987B3BE2CFDDC7800474A1E /* AnalyticsRules.json */; };
		F987B3CE2CFDDC7800474A1E /* AdvertisingRules.json in Resources */ = {isa = PBXBuildFile; fileRef = F987B3BD2CFDDC7800474A1E /* AdvertisingRules.json */; };
		F987B3CF2CFDDC7800474A1E /* FingerprintingRules.json in Resources */ = {isa = PBXBuildFile; fileRef = F987B3C42CFDDC7800474A1E /* FingerprintingRules.json */; };
		F987B3D12CFDDD4800474A1E /* JsonLoader.swift in Sources */ = {isa = PBXBuildFile; fileRef = F987B3D02CFDDD4800474A1E /* JsonLoader.swift */; };
		F987F72B2F239DA600E4AF9E /* BookmarkAdapter.swift in Sources */ = {isa = PBXBuildFile; fileRef = F987F72A2F239DA600E4AF9E /* BookmarkAdapter.swift */; };
		F987F72C2F239DA600E4AF9E /* BookmarkAdapter.swift in Sources */ = {isa = PBXBuildFile; fileRef = F987F72A2F239DA600E4AF9E /* BookmarkAdapter.swift */; };
		F987F72D2F239DA600E4AF9E /* BookmarkAdapter.swift in Sources */ = {isa = PBXBuildFile; fileRef = F987F72A2F239DA600E4AF9E /* BookmarkAdapter.swift */; };
		F989C4AD2E04527A0021132F /* SearchSuggestionViewModel.swift in Sources */ = {isa = PBXBuildFile; fileRef = F989C4AC2E04527A0021132F /* SearchSuggestionViewModel.swift */; };
		F9C070422ECA6C4A001C7E04 /* TabContentView.swift in Sources */ = {isa = PBXBuildFile; fileRef = F9C070412ECA6C4A001C7E04 /* TabContentView.swift */; };
		F9CDFD792B711A7C0024E0AD /* WebViewWrapper.swift in Sources */ = {isa = PBXBuildFile; fileRef = F9CDFD782B711A7C0024E0AD /* WebViewWrapper.swift */; };
		F9CDFD8E2B71282E0024E0AD /* TabComposer.swift in Sources */ = {isa = PBXBuildFile; fileRef = F9CDFD8D2B71282E0024E0AD /* TabComposer.swift */; };
		F9E55D322C45EFD5008B7C64 /* HistoryViewModel.swift in Sources */ = {isa = PBXBuildFile; fileRef = F9E55D312C45EFD5008B7C64 /* HistoryViewModel.swift */; };
		F9E55FD82C02AEE20098995F /* WebViewSpy.swift in Sources */ = {isa = PBXBuildFile; fileRef = F9E55FD72C02AEE20098995F /* WebViewSpy.swift */; };
		F9E5D1142EF5C7D9009BA82C /* TabBarManager.swift in Sources */ = {isa = PBXBuildFile; fileRef = F9E5D1132EF5C7D9009BA82C /* TabBarManager.swift */; };
		F9E5D1152EF5C7D9009BA82C /* TabBarManager.swift in Sources */ = {isa = PBXBuildFile; fileRef = F9E5D1132EF5C7D9009BA82C /* TabBarManager.swift */; };
		F9E5D1162EF5C7D9009BA82C /* TabBarManager.swift in Sources */ = {isa = PBXBuildFile; fileRef = F9E5D1132EF5C7D9009BA82C /* TabBarManager.swift */; };
		F9EFF0672F19335300DB1766 /* TabAdapter.swift in Sources */ = {isa = PBXBuildFile; fileRef = F9EFF0662F19335300DB1766 /* TabAdapter.swift */; };
		F9EFF0682F1935B900DB1766 /* TabAdapter.swift in Sources */ = {isa = PBXBuildFile; fileRef = F9EFF0662F19335300DB1766 /* TabAdapter.swift */; };
		F9EFF0692F1935B900DB1766 /* TabAdapter.swift in Sources */ = {isa = PBXBuildFile; fileRef = F9EFF0662F19335300DB1766 /* TabAdapter.swift */; };
		F9F01C202F2D1FBF00CE958A /* TabCountButton.swift in Sources */ = {isa = PBXBuildFile; fileRef = F9F01C1F2F2D1FBF00CE958A /* TabCountButton.swift */; };
		F9F01C212F2D1FBF00CE958A /* TabCountButton.swift in Sources */ = {isa = PBXBuildFile; fileRef = F9F01C1F2F2D1FBF00CE958A /* TabCountButton.swift */; };
		F9F01C222F2D1FBF00CE958A /* TabCountButton.swift in Sources */ = {isa = PBXBuildFile; fileRef = F9F01C1F2F2D1FBF00CE958A /* TabCountButton.swift */; };
/* End PBXBuildFile section */

/* Begin PBXContainerItemProxy section */
		F92921CC2B70F5B500173702 /* PBXContainerItemProxy */ = {
			isa = PBXContainerItemProxy;
			containerPortal = F92921B22B70F5B300173702 /* Project object */;
			proxyType = 1;
			remoteGlobalIDString = F92921B92B70F5B300173702;
			remoteInfo = "web-browser";
		};
/* End PBXContainerItemProxy section */

/* Begin PBXFileReference section */
		F901D9882E93240900F3B3D9 /* WindowComposer.swift */ = {isa = PBXFileReference; lastKnownFileType = sourcecode.swift; path = WindowComposer.swift; sourceTree = "<group>"; };
		F90877042E1028E000023426 /* SearchSuggestionView.swift */ = {isa = PBXFileReference; lastKnownFileType = sourcecode.swift; path = SearchSuggestionView.swift; sourceTree = "<group>"; };
		F90AA4702F4F9A0800B3B9A7 /* visionOS-web-browser.app */ = {isa = PBXFileReference; explicitFileType = wrapper.application; includeInIndex = 0; path = "visionOS-web-browser.app"; sourceTree = BUILT_PRODUCTS_DIR; };
		F90AA4732F4F9A0800B3B9A7 /* RealityKitContent */ = {isa = PBXFileReference; lastKnownFileType = wrapper; path = RealityKitContent; sourceTree = "<group>"; };
		F91201262F056317005D9325 /* MenuCommands.swift */ = {isa = PBXFileReference; lastKnownFileType = sourcecode.swift; path = MenuCommands.swift; sourceTree = "<group>"; };
		F92921BA2B70F5B300173702 /* web-browser.app */ = {isa = PBXFileReference; explicitFileType = wrapper.application; includeInIndex = 0; path = "web-browser.app"; sourceTree = BUILT_PRODUCTS_DIR; };
		F92921BD2B70F5B300173702 /* WebBrowserApp.swift */ = {isa = PBXFileReference; lastKnownFileType = sourcecode.swift; path = WebBrowserApp.swift; sourceTree = "<group>"; };
		F92921C12B70F5B500173702 /* Assets.xcassets */ = {isa = PBXFileReference; lastKnownFileType = folder.assetcatalog; path = Assets.xcassets; sourceTree = "<group>"; };
		F92921C32B70F5B500173702 /* web_browser.entitlements */ = {isa = PBXFileReference; lastKnownFileType = text.plist.entitlements; path = web_browser.entitlements; sourceTree = "<group>"; };
		F92921C52B70F5B500173702 /* Preview Assets.xcassets */ = {isa = PBXFileReference; lastKnownFileType = folder.assetcatalog; path = "Preview Assets.xcassets"; sourceTree = "<group>"; };
		F92921CB2B70F5B500173702 /* web-browserTests.xctest */ = {isa = PBXFileReference; explicitFileType = wrapper.cfbundle; includeInIndex = 0; path = "web-browserTests.xctest"; sourceTree = BUILT_PRODUCTS_DIR; };
		F92921EA2B70F99400173702 /* WindowView.swift */ = {isa = PBXFileReference; lastKnownFileType = sourcecode.swift; path = WindowView.swift; sourceTree = "<group>"; };
		F92921EF2B70F9F900173702 /* AddressBarView.swift */ = {isa = PBXFileReference; lastKnownFileType = sourcecode.swift; path = AddressBarView.swift; sourceTree = "<group>"; };
		F92921F12B70FA0C00173702 /* NavigationBar.swift */ = {isa = PBXFileReference; lastKnownFileType = sourcecode.swift; path = NavigationBar.swift; sourceTree = "<group>"; };
		F92E5C1E2CD980150019A9AE /* AddBookmarkView.swift */ = {isa = PBXFileReference; lastKnownFileType = sourcecode.swift; path = AddBookmarkView.swift; sourceTree = "<group>"; };
		F932F2002CE23A6A00B12B45 /* BookmarkViewModelTests.swift */ = {isa = PBXFileReference; lastKnownFileType = sourcecode.swift; path = BookmarkViewModelTests.swift; sourceTree = "<group>"; };
		F932F2052CE23A7800B12B45 /* BookmarkComposer.swift */ = {isa = PBXFileReference; lastKnownFileType = sourcecode.swift; path = BookmarkComposer.swift; sourceTree = "<group>"; };
		F932F2072CE23A7800B12B45 /* BookmarkViewModel.swift */ = {isa = PBXFileReference; lastKnownFileType = sourcecode.swift; path = BookmarkViewModel.swift; sourceTree = "<group>"; };
		F932F2092CE23A7800B12B45 /* BookmarkView.swift */ = {isa = PBXFileReference; lastKnownFileType = sourcecode.swift; path = BookmarkView.swift; sourceTree = "<group>"; };
		F941ED382EAA4BE7007FCB44 /* TabBarView.swift */ = {isa = PBXFileReference; lastKnownFileType = sourcecode.swift; path = TabBarView.swift; sourceTree = "<group>"; };
		F943799F2C911B7900DEBFF7 /* HistoryView.swift */ = {isa = PBXFileReference; lastKnownFileType = sourcecode.swift; path = HistoryView.swift; sourceTree = "<group>"; };
		F9462B172C4890B000451759 /* HistoryComposer.swift */ = {isa = PBXFileReference; lastKnownFileType = sourcecode.swift; path = HistoryComposer.swift; sourceTree = "<group>"; };
		F949B5492DFA2F86006CC1F4 /* SearchSuggestionComposer.swift */ = {isa = PBXFileReference; lastKnownFileType = sourcecode.swift; path = SearchSuggestionComposer.swift; sourceTree = "<group>"; };
		F94A60F02C758C52001384CB /* MenuView.swift */ = {isa = PBXFileReference; lastKnownFileType = sourcecode.swift; path = MenuView.swift; sourceTree = "<group>"; };
		F94D65F42BF83D4F00E34EF0 /* WebsiteProtectionButton.swift */ = {isa = PBXFileReference; lastKnownFileType = sourcecode.swift; path = WebsiteProtectionButton.swift; sourceTree = "<group>"; };
		F94FD0062F26D6D000D7ABA2 /* TabSessionStore.swift */ = {isa = PBXFileReference; lastKnownFileType = sourcecode.swift; path = TabSessionStore.swift; sourceTree = "<group>"; };
		F956B97D2F2FE30F00FDE65A /* WindowViewModel.swift */ = {isa = PBXFileReference; lastKnownFileType = sourcecode.swift; path = WindowViewModel.swift; sourceTree = "<group>"; };
		F958C74E2CA9FA6B0011D544 /* HistoryViewModelTests.swift */ = {isa = PBXFileReference; lastKnownFileType = sourcecode.swift; path = HistoryViewModelTests.swift; sourceTree = "<group>"; };
		F95DBA8C2B863A2C0048A987 /* TabViewModel.swift */ = {isa = PBXFileReference; lastKnownFileType = sourcecode.swift; path = TabViewModel.swift; sourceTree = "<group>"; };
		F9632D942C186D7800A4F7F9 /* NavigationList.swift */ = {isa = PBXFileReference; lastKnownFileType = sourcecode.swift; path = NavigationList.swift; sourceTree = "<group>"; };
		F9654DEA2C149F4D000559FF /* CustomGestureButton.swift */ = {isa = PBXFileReference; lastKnownFileType = sourcecode.swift; path = CustomGestureButton.swift; sourceTree = "<group>"; };
		F96998A22EEDF0D400C3286D /* iPadOS-web-browser.app */ = {isa = PBXFileReference; explicitFileType = wrapper.application; includeInIndex = 0; path = "iPadOS-web-browser.app"; sourceTree = BUILT_PRODUCTS_DIR; };
		F969990C2EEEE9BC00C3286D /* iOS-web-browser.app */ = {isa = PBXFileReference; explicitFileType = wrapper.application; includeInIndex = 0; path = "iOS-web-browser.app"; sourceTree = BUILT_PRODUCTS_DIR; };
		F96C74B72CBD267A002AAF4F /* Services */ = {isa = PBXFileReference; lastKnownFileType = wrapper; name = Services; path = ../Services; sourceTree = SOURCE_ROOT; };
		F971D8522F34D9A400D13A26 /* HistoryAdapter.swift */ = {isa = PBXFileReference; lastKnownFileType = sourcecode.swift; path = HistoryAdapter.swift; sourceTree = "<group>"; };
		F987B3A92CFDD9DF00474A1E /* BookmarkSwiftDataStore.swift */ = {isa = PBXFileReference; lastKnownFileType = sourcecode.swift; path = BookmarkSwiftDataStore.swift; sourceTree = "<group>"; };
		F987B3AC2CFDDA5500474A1E /* HistorySwiftDataStore.swift */ = {isa = PBXFileReference; lastKnownFileType = sourcecode.swift; path = HistorySwiftDataStore.swift; sourceTree = "<group>"; };
		F987B3AF2CFDDAD100474A1E /* WebKitEngineWrapper.swift */ = {isa = PBXFileReference; lastKnownFileType = sourcecode.swift; path = WebKitEngineWrapper.swift; sourceTree = "<group>"; };
		F987B3BD2CFDDC7800474A1E /* AdvertisingRules.json */ = {isa = PBXFileReference; lastKnownFileType = text.json; path = AdvertisingRules.json; sourceTree = "<group>"; };
		F987B3BE2CFDDC7800474A1E /* AnalyticsRules.json */ = {isa = PBXFileReference; lastKnownFileType = text.json; path = AnalyticsRules.json; sourceTree = "<group>"; };
		F987B3BF2CFDDC7800474A1E /* CookiesAdvertisingRules.json */ = {isa = PBXFileReference; lastKnownFileType = text.json; path = CookiesAdvertisingRules.json; sourceTree = "<group>"; };
		F987B3C02CFDDC7800474A1E /* CookiesAnalyticsRules.json */ = {isa = PBXFileReference; lastKnownFileType = text.json; path = CookiesAnalyticsRules.json; sourceTree = "<group>"; };
		F987B3C12CFDDC7800474A1E /* CookiesContentRules.json */ = {isa = PBXFileReference; lastKnownFileType = text.json; path = CookiesContentRules.json; sourceTree = "<group>"; };
		F987B3C22CFDDC7800474A1E /* CookiesSocialRules.json */ = {isa = PBXFileReference; lastKnownFileType = text.json; path = CookiesSocialRules.json; sourceTree = "<group>"; };
		F987B3C32CFDDC7800474A1E /* CryptominingRules.json */ = {isa = PBXFileReference; lastKnownFileType = text.json; path = CryptominingRules.json; sourceTree = "<group>"; };
		F987B3C42CFDDC7800474A1E /* FingerprintingRules.json */ = {isa = PBXFileReference; lastKnownFileType = text.json; path = FingerprintingRules.json; sourceTree = "<group>"; };
		F987B3C52CFDDC7800474A1E /* SocialRules.json */ = {isa = PBXFileReference; lastKnownFileType = text.json; path = SocialRules.json; sourceTree = "<group>"; };
		F987B3D02CFDDD4800474A1E /* JsonLoader.swift */ = {isa = PBXFileReference; lastKnownFileType = sourcecode.swift; path = JsonLoader.swift; sourceTree = "<group>"; };
		F987F72A2F239DA600E4AF9E /* BookmarkAdapter.swift */ = {isa = PBXFileReference; lastKnownFileType = sourcecode.swift; path = BookmarkAdapter.swift; sourceTree = "<group>"; };
		F989C4AC2E04527A0021132F /* SearchSuggestionViewModel.swift */ = {isa = PBXFileReference; lastKnownFileType = sourcecode.swift; path = SearchSuggestionViewModel.swift; sourceTree = "<group>"; };
		F9C070412ECA6C4A001C7E04 /* TabContentView.swift */ = {isa = PBXFileReference; lastKnownFileType = sourcecode.swift; path = TabContentView.swift; sourceTree = "<group>"; };
		F9CDFD782B711A7C0024E0AD /* WebViewWrapper.swift */ = {isa = PBXFileReference; lastKnownFileType = sourcecode.swift; path = WebViewWrapper.swift; sourceTree = "<group>"; };
		F9CDFD8D2B71282E0024E0AD /* TabComposer.swift */ = {isa = PBXFileReference; lastKnownFileType = sourcecode.swift; path = TabComposer.swift; sourceTree = "<group>"; };
		F9E55D312C45EFD5008B7C64 /* HistoryViewModel.swift */ = {isa = PBXFileReference; lastKnownFileType = sourcecode.swift; path = HistoryViewModel.swift; sourceTree = "<group>"; };
		F9E55FD72C02AEE20098995F /* WebViewSpy.swift */ = {isa = PBXFileReference; fileEncoding = 4; lastKnownFileType = sourcecode.swift; path = WebViewSpy.swift; sourceTree = "<group>"; };
		F9E5D1132EF5C7D9009BA82C /* TabBarManager.swift */ = {isa = PBXFileReference; lastKnownFileType = sourcecode.swift; path = TabBarManager.swift; sourceTree = "<group>"; };
		F9EFF0662F19335300DB1766 /* TabAdapter.swift */ = {isa = PBXFileReference; lastKnownFileType = sourcecode.swift; path = TabAdapter.swift; sourceTree = "<group>"; };
		F9F01C1F2F2D1FBF00CE958A /* TabCountButton.swift */ = {isa = PBXFileReference; lastKnownFileType = sourcecode.swift; path = TabCountButton.swift; sourceTree = "<group>"; };
/* End PBXFileReference section */

/* Begin PBXFileSystemSynchronizedBuildFileExceptionSet section */
		F90AA47F2F4F9A0900B3B9A7 /* PBXFileSystemSynchronizedBuildFileExceptionSet */ = {
			isa = PBXFileSystemSynchronizedBuildFileExceptionSet;
			membershipExceptions = (
				Info.plist,
			);
			target = F90AA46F2F4F9A0800B3B9A7 /* visionOS-web-browser */;
		};
/* End PBXFileSystemSynchronizedBuildFileExceptionSet section */

/* Begin PBXFileSystemSynchronizedRootGroup section */
		F90AA4712F4F9A0800B3B9A7 /* visionOS-web-browser */ = {isa = PBXFileSystemSynchronizedRootGroup; exceptions = (F90AA47F2F4F9A0900B3B9A7 /* PBXFileSystemSynchronizedBuildFileExceptionSet */, ); explicitFileTypes = {}; explicitFolders = (); path = "visionOS-web-browser"; sourceTree = "<group>"; };
		F96998A32EEDF0D400C3286D /* iPadOS-web-browser */ = {isa = PBXFileSystemSynchronizedRootGroup; explicitFileTypes = {}; explicitFolders = (); path = "iPadOS-web-browser"; sourceTree = "<group>"; };
		F969990D2EEEE9BC00C3286D /* iOS-web-browser */ = {isa = PBXFileSystemSynchronizedRootGroup; explicitFileTypes = {}; explicitFolders = (); path = "iOS-web-browser"; sourceTree = "<group>"; };
/* End PBXFileSystemSynchronizedRootGroup section */

/* Begin PBXFrameworksBuildPhase section */
		F90AA46D2F4F9A0800B3B9A7 /* Frameworks */ = {
			isa = PBXFrameworksBuildPhase;
			buildActionMask = 2147483647;
			files = (
				F90AA4752F4F9A0800B3B9A7 /* RealityKitContent in Frameworks */,
			);
			runOnlyForDeploymentPostprocessing = 0;
		};
		F92921B72B70F5B300173702 /* Frameworks */ = {
			isa = PBXFrameworksBuildPhase;
			buildActionMask = 2147483647;
			files = (
				F97A2E752CEEACAC007E6D85 /* Services in Frameworks */,
			);
			runOnlyForDeploymentPostprocessing = 0;
		};
		F92921C82B70F5B500173702 /* Frameworks */ = {
			isa = PBXFrameworksBuildPhase;
			buildActionMask = 2147483647;
			files = (
			);
			runOnlyForDeploymentPostprocessing = 0;
		};
		F969989F2EEDF0D400C3286D /* Frameworks */ = {
			isa = PBXFrameworksBuildPhase;
			buildActionMask = 2147483647;
			files = (
				F96998EA2EEDF3FF00C3286D /* Services in Frameworks */,
			);
			runOnlyForDeploymentPostprocessing = 0;
		};
		F96999092EEEE9BC00C3286D /* Frameworks */ = {
			isa = PBXFrameworksBuildPhase;
			buildActionMask = 2147483647;
			files = (
				F96999182EEEE9E400C3286D /* Services in Frameworks */,
			);
			runOnlyForDeploymentPostprocessing = 0;
		};
/* End PBXFrameworksBuildPhase section */

/* Begin PBXGroup section */
		F90AA4722F4F9A0800B3B9A7 /* Packages */ = {
			isa = PBXGroup;
			children = (
				F90AA4732F4F9A0800B3B9A7 /* RealityKitContent */,
			);
			path = Packages;
			sourceTree = "<group>";
		};
		F91201252F0562FE005D9325 /* Menu Commands */ = {
			isa = PBXGroup;
			children = (
				F91201262F056317005D9325 /* MenuCommands.swift */,
			);
			path = "Menu Commands";
			sourceTree = "<group>";
		};
		F92921B12B70F5B300173702 = {
			isa = PBXGroup;
			children = (
				F96C74B72CBD267A002AAF4F /* Services */,
				F92921BC2B70F5B300173702 /* web-browser */,
				F92921CE2B70F5B500173702 /* web-browserTests */,
				F96998A32EEDF0D400C3286D /* iPadOS-web-browser */,
				F969990D2EEEE9BC00C3286D /* iOS-web-browser */,
				F90AA4712F4F9A0800B3B9A7 /* visionOS-web-browser */,
				F90AA4722F4F9A0800B3B9A7 /* Packages */,
				F92921BB2B70F5B300173702 /* Products */,
				F9CDFD902B7130610024E0AD /* Frameworks */,
			);
			sourceTree = "<group>";
		};
		F92921BB2B70F5B300173702 /* Products */ = {
			isa = PBXGroup;
			children = (
				F92921BA2B70F5B300173702 /* web-browser.app */,
				F92921CB2B70F5B500173702 /* web-browserTests.xctest */,
				F96998A22EEDF0D400C3286D /* iPadOS-web-browser.app */,
				F969990C2EEEE9BC00C3286D /* iOS-web-browser.app */,
				F90AA4702F4F9A0800B3B9A7 /* visionOS-web-browser.app */,
			);
			name = Products;
			sourceTree = "<group>";
		};
		F92921BC2B70F5B300173702 /* web-browser */ = {
			isa = PBXGroup;
			children = (
				F9C427332CDF87DC00C296E3 /* Assets */,
				F92921EE2B70F9DD00173702 /* Shared */,
				F92921E92B70F94C00173702 /* MacOS */,
				F92921BD2B70F5B300173702 /* WebBrowserApp.swift */,
				F92921C32B70F5B500173702 /* web_browser.entitlements */,
			);
			path = "web-browser";
			sourceTree = "<group>";
		};
		F92921C42B70F5B500173702 /* Preview Content */ = {
			isa = PBXGroup;
			children = (
				F92921C52B70F5B500173702 /* Preview Assets.xcassets */,
			);
			path = "Preview Content";
			sourceTree = "<group>";
		};
		F92921CE2B70F5B500173702 /* web-browserTests */ = {
			isa = PBXGroup;
			children = (
				F932F2012CE23A6A00B12B45 /* Bookmark */,
				F9E55FD62C02AE900098995F /* Helpers */,
				F9E55D382C45F452008B7C64 /* History */,
			);
			path = "web-browserTests";
			sourceTree = "<group>";
		};
		F92921E92B70F94C00173702 /* MacOS */ = {
			isa = PBXGroup;
			children = (
				F91201252F0562FE005D9325 /* Menu Commands */,
				F99988E72CD586EF00705D4F /* Bookmark */,
				F943799E2C911B5E00DEBFF7 /* History */,
				F9F2083A2C8CECD600C3B033 /* Menu */,
				F9CA92E02ED0EC0A0092842D /* Tab */,
				F9E1477D2C0961370099CD98 /* Window */,
			);
			path = MacOS;
			sourceTree = "<group>";
		};
		F92921EE2B70F9DD00173702 /* Shared */ = {
			isa = PBXGroup;
			children = (
				F949B5482DFA2F47006CC1F4 /* SearchSuggestion */,
				F987B3AE2CFDDAC500474A1E /* WebEngine */,
				F932F20B2CE23A7800B12B45 /* Bookmark */,
				F98BF0C92B750A7F00C29BDA /* Helpers */,
				F9E55D2E2C45E9FA008B7C64 /* History */,
				F9CA92DF2ED0EBC10092842D /* Tab */,
				F98BF0C62B750A2900C29BDA /* Window */,
			);
			path = Shared;
			sourceTree = "<group>";
		};
		F932F2012CE23A6A00B12B45 /* Bookmark */ = {
			isa = PBXGroup;
			children = (
				F932F2002CE23A6A00B12B45 /* BookmarkViewModelTests.swift */,
			);
			path = Bookmark;
			sourceTree = "<group>";
		};
		F932F20B2CE23A7800B12B45 /* Bookmark */ = {
			isa = PBXGroup;
			children = (
				F987B3A92CFDD9DF00474A1E /* BookmarkSwiftDataStore.swift */,
				F932F2052CE23A7800B12B45 /* BookmarkComposer.swift */,
				F932F2072CE23A7800B12B45 /* BookmarkViewModel.swift */,
				F987F72A2F239DA600E4AF9E /* BookmarkAdapter.swift */,
			);
			path = Bookmark;
			sourceTree = "<group>";
		};
		F943799E2C911B5E00DEBFF7 /* History */ = {
			isa = PBXGroup;
			children = (
				F943799F2C911B7900DEBFF7 /* HistoryView.swift */,
			);
			path = History;
			sourceTree = "<group>";
		};
		F949B5482DFA2F47006CC1F4 /* SearchSuggestion */ = {
			isa = PBXGroup;
			children = (
				F949B5492DFA2F86006CC1F4 /* SearchSuggestionComposer.swift */,
				F989C4AC2E04527A0021132F /* SearchSuggestionViewModel.swift */,
				F90877042E1028E000023426 /* SearchSuggestionView.swift */,
			);
			path = SearchSuggestion;
			sourceTree = "<group>";
		};
		F987B3AE2CFDDAC500474A1E /* WebEngine */ = {
			isa = PBXGroup;
			children = (
				F987B3C62CFDDC7800474A1E /* JsonRules */,
				F987B3AF2CFDDAD100474A1E /* WebKitEngineWrapper.swift */,
			);
			path = WebEngine;
			sourceTree = "<group>";
		};
		F987B3C62CFDDC7800474A1E /* JsonRules */ = {
			isa = PBXGroup;
			children = (
				F987B3BD2CFDDC7800474A1E /* AdvertisingRules.json */,
				F987B3BE2CFDDC7800474A1E /* AnalyticsRules.json */,
				F987B3BF2CFDDC7800474A1E /* CookiesAdvertisingRules.json */,
				F987B3C02CFDDC7800474A1E /* CookiesAnalyticsRules.json */,
				F987B3C12CFDDC7800474A1E /* CookiesContentRules.json */,
				F987B3C22CFDDC7800474A1E /* CookiesSocialRules.json */,
				F987B3C32CFDDC7800474A1E /* CryptominingRules.json */,
				F987B3C42CFDDC7800474A1E /* FingerprintingRules.json */,
				F987B3C52CFDDC7800474A1E /* SocialRules.json */,
			);
			path = JsonRules;
			sourceTree = "<group>";
		};
		F98BF0C62B750A2900C29BDA /* Window */ = {
			isa = PBXGroup;
			children = (
				F98BF0C72B750A3300C29BDA /* Views */,
				F956B97D2F2FE30F00FDE65A /* WindowViewModel.swift */,
			);
			path = Window;
			sourceTree = "<group>";
		};
		F98BF0C72B750A3300C29BDA /* Views */ = {
			isa = PBXGroup;
			children = (
				F92921EF2B70F9F900173702 /* AddressBarView.swift */,
				F9632D942C186D7800A4F7F9 /* NavigationList.swift */,
				F92921F12B70FA0C00173702 /* NavigationBar.swift */,
				F94D65F42BF83D4F00E34EF0 /* WebsiteProtectionButton.swift */,
				F9654DEA2C149F4D000559FF /* CustomGestureButton.swift */,
				F9F01C1F2F2D1FBF00CE958A /* TabCountButton.swift */,
			);
			path = Views;
			sourceTree = "<group>";
		};
		F98BF0C92B750A7F00C29BDA /* Helpers */ = {
			isa = PBXGroup;
			children = (
				F9CDFD782B711A7C0024E0AD /* WebViewWrapper.swift */,
				F987B3D02CFDDD4800474A1E /* JsonLoader.swift */,
			);
			path = Helpers;
			sourceTree = "<group>";
		};
		F99988E72CD586EF00705D4F /* Bookmark */ = {
			isa = PBXGroup;
			children = (
				F932F2092CE23A7800B12B45 /* BookmarkView.swift */,
				F92E5C1E2CD980150019A9AE /* AddBookmarkView.swift */,
			);
			path = Bookmark;
			sourceTree = "<group>";
		};
		F9C427332CDF87DC00C296E3 /* Assets */ = {
			isa = PBXGroup;
			children = (
				F92921C12B70F5B500173702 /* Assets.xcassets */,
				F92921C42B70F5B500173702 /* Preview Content */,
			);
			path = Assets;
			sourceTree = "<group>";
		};
		F9CA92DF2ED0EBC10092842D /* Tab */ = {
			isa = PBXGroup;
			children = (
				F941ED382EAA4BE7007FCB44 /* TabBarView.swift */,
				F95DBA8C2B863A2C0048A987 /* TabViewModel.swift */,
				F9E5D1132EF5C7D9009BA82C /* TabBarManager.swift */,
				F9EFF0662F19335300DB1766 /* TabAdapter.swift */,
				F94FD0062F26D6D000D7ABA2 /* TabSessionStore.swift */,
			);
			path = Tab;
			sourceTree = "<group>";
		};
		F9CA92E02ED0EC0A0092842D /* Tab */ = {
			isa = PBXGroup;
			children = (
				F9C070412ECA6C4A001C7E04 /* TabContentView.swift */,
				F9CDFD8D2B71282E0024E0AD /* TabComposer.swift */,
			);
			path = Tab;
			sourceTree = "<group>";
		};
		F9CDFD902B7130610024E0AD /* Frameworks */ = {
			isa = PBXGroup;
			children = (
			);
			name = Frameworks;
			sourceTree = "<group>";
		};
		F9E1477D2C0961370099CD98 /* Window */ = {
			isa = PBXGroup;
			children = (
				F92921EA2B70F99400173702 /* WindowView.swift */,
				F901D9882E93240900F3B3D9 /* WindowComposer.swift */,
			);
			path = Window;
			sourceTree = "<group>";
		};
		F9E55D2E2C45E9FA008B7C64 /* History */ = {
			isa = PBXGroup;
			children = (
				F987B3AC2CFDDA5500474A1E /* HistorySwiftDataStore.swift */,
				F9462B172C4890B000451759 /* HistoryComposer.swift */,
				F971D8522F34D9A400D13A26 /* HistoryAdapter.swift */,
				F9E55D312C45EFD5008B7C64 /* HistoryViewModel.swift */,
			);
			path = History;
			sourceTree = "<group>";
		};
		F9E55D382C45F452008B7C64 /* History */ = {
			isa = PBXGroup;
			children = (
				F958C74E2CA9FA6B0011D544 /* HistoryViewModelTests.swift */,
			);
			path = History;
			sourceTree = "<group>";
		};
		F9E55FD62C02AE900098995F /* Helpers */ = {
			isa = PBXGroup;
			children = (
				F9E55FD72C02AEE20098995F /* WebViewSpy.swift */,
			);
			path = Helpers;
			sourceTree = "<group>";
		};
		F9F2083A2C8CECD600C3B033 /* Menu */ = {
			isa = PBXGroup;
			children = (
				F94A60F02C758C52001384CB /* MenuView.swift */,
			);
			path = Menu;
			sourceTree = "<group>";
		};
/* End PBXGroup section */

/* Begin PBXNativeTarget section */
		F90AA46F2F4F9A0800B3B9A7 /* visionOS-web-browser */ = {
			isa = PBXNativeTarget;
			buildConfigurationList = F90AA4802F4F9A0900B3B9A7 /* Build configuration list for PBXNativeTarget "visionOS-web-browser" */;
			buildPhases = (
				F90AA46C2F4F9A0800B3B9A7 /* Sources */,
				F90AA46D2F4F9A0800B3B9A7 /* Frameworks */,
				F90AA46E2F4F9A0800B3B9A7 /* Resources */,
			);
			buildRules = (
			);
			dependencies = (
			);
			fileSystemSynchronizedGroups = (
				F90AA4712F4F9A0800B3B9A7 /* visionOS-web-browser */,
			);
			name = "visionOS-web-browser";
			packageProductDependencies = (
				F90AA4742F4F9A0800B3B9A7 /* RealityKitContent */,
			);
			productName = "visionOS-web-browser";
			productReference = F90AA4702F4F9A0800B3B9A7 /* visionOS-web-browser.app */;
			productType = "com.apple.product-type.application";
		};
		F92921B92B70F5B300173702 /* web-browser */ = {
			isa = PBXNativeTarget;
			buildConfigurationList = F92921DF2B70F5B500173702 /* Build configuration list for PBXNativeTarget "web-browser" */;
			buildPhases = (
				F92921B62B70F5B300173702 /* Sources */,
				F92921B72B70F5B300173702 /* Frameworks */,
				F92921B82B70F5B300173702 /* Resources */,
			);
			buildRules = (
			);
			dependencies = (
			);
			name = "web-browser";
			packageProductDependencies = (
				F97A2E742CEEACAC007E6D85 /* Services */,
			);
			productName = "web-browser";
			productReference = F92921BA2B70F5B300173702 /* web-browser.app */;
			productType = "com.apple.product-type.application";
		};
		F92921CA2B70F5B500173702 /* web-browserTests */ = {
			isa = PBXNativeTarget;
			buildConfigurationList = F92921E22B70F5B500173702 /* Build configuration list for PBXNativeTarget "web-browserTests" */;
			buildPhases = (
				F92921C72B70F5B500173702 /* Sources */,
				F92921C82B70F5B500173702 /* Frameworks */,
				F92921C92B70F5B500173702 /* Resources */,
			);
			buildRules = (
			);
			dependencies = (
				F92921CD2B70F5B500173702 /* PBXTargetDependency */,
			);
			name = "web-browserTests";
			productName = "web-browserTests";
			productReference = F92921CB2B70F5B500173702 /* web-browserTests.xctest */;
			productType = "com.apple.product-type.bundle.unit-test";
		};
		F96998A12EEDF0D400C3286D /* iPadOS-web-browser */ = {
			isa = PBXNativeTarget;
			buildConfigurationList = F96998AC2EEDF0D600C3286D /* Build configuration list for PBXNativeTarget "iPadOS-web-browser" */;
			buildPhases = (
				F969989E2EEDF0D400C3286D /* Sources */,
				F969989F2EEDF0D400C3286D /* Frameworks */,
				F96998A02EEDF0D400C3286D /* Resources */,
			);
			buildRules = (
			);
			dependencies = (
			);
			fileSystemSynchronizedGroups = (
				F96998A32EEDF0D400C3286D /* iPadOS-web-browser */,
			);
			name = "iPadOS-web-browser";
			packageProductDependencies = (
				F96998E92EEDF3FF00C3286D /* Services */,
			);
			productName = "iPadOS-web-browser";
			productReference = F96998A22EEDF0D400C3286D /* iPadOS-web-browser.app */;
			productType = "com.apple.product-type.application";
		};
		F969990B2EEEE9BC00C3286D /* iOS-web-browser */ = {
			isa = PBXNativeTarget;
			buildConfigurationList = F96999162EEEE9BD00C3286D /* Build configuration list for PBXNativeTarget "iOS-web-browser" */;
			buildPhases = (
				F96999082EEEE9BC00C3286D /* Sources */,
				F96999092EEEE9BC00C3286D /* Frameworks */,
				F969990A2EEEE9BC00C3286D /* Resources */,
			);
			buildRules = (
			);
			dependencies = (
			);
			fileSystemSynchronizedGroups = (
				F969990D2EEEE9BC00C3286D /* iOS-web-browser */,
			);
			name = "iOS-web-browser";
			packageProductDependencies = (
				F96999172EEEE9E400C3286D /* Services */,
			);
			productName = "iOS-web-browser";
			productReference = F969990C2EEEE9BC00C3286D /* iOS-web-browser.app */;
			productType = "com.apple.product-type.application";
		};
/* End PBXNativeTarget section */

/* Begin PBXProject section */
		F92921B22B70F5B300173702 /* Project object */ = {
			isa = PBXProject;
			attributes = {
				BuildIndependentTargetsInParallel = 1;
				LastSwiftUpdateCheck = 2620;
				LastUpgradeCheck = 2620;
				TargetAttributes = {
					F90AA46F2F4F9A0800B3B9A7 = {
						CreatedOnToolsVersion = 26.2;
					};
					F92921B92B70F5B300173702 = {
						CreatedOnToolsVersion = 15.2;
					};
					F92921CA2B70F5B500173702 = {
						CreatedOnToolsVersion = 15.2;
						TestTargetID = F92921B92B70F5B300173702;
					};
					F96998A12EEDF0D400C3286D = {
						CreatedOnToolsVersion = 16.4;
					};
					F969990B2EEEE9BC00C3286D = {
						CreatedOnToolsVersion = 16.4;
					};
				};
			};
			buildConfigurationList = F92921B52B70F5B300173702 /* Build configuration list for PBXProject "web-browser" */;
			compatibilityVersion = "Xcode 15.0";
			developmentRegion = en;
			hasScannedForEncodings = 0;
			knownRegions = (
				en,
				Base,
			);
			mainGroup = F92921B12B70F5B300173702;
			packageReferences = (
			);
			productRefGroup = F92921BB2B70F5B300173702 /* Products */;
			projectDirPath = "";
			projectRoot = "";
			targets = (
				F92921B92B70F5B300173702 /* web-browser */,
				F92921CA2B70F5B500173702 /* web-browserTests */,
				F96998A12EEDF0D400C3286D /* iPadOS-web-browser */,
				F969990B2EEEE9BC00C3286D /* iOS-web-browser */,
				F90AA46F2F4F9A0800B3B9A7 /* visionOS-web-browser */,
			);
		};
/* End PBXProject section */

/* Begin PBXResourcesBuildPhase section */
		F90AA46E2F4F9A0800B3B9A7 /* Resources */ = {
			isa = PBXResourcesBuildPhase;
			buildActionMask = 2147483647;
			files = (
			);
			runOnlyForDeploymentPostprocessing = 0;
		};
		F92921B82B70F5B300173702 /* Resources */ = {
			isa = PBXResourcesBuildPhase;
			buildActionMask = 2147483647;
			files = (
				F92921C62B70F5B500173702 /* Preview Assets.xcassets in Resources */,
				F987B3C72CFDDC7800474A1E /* SocialRules.json in Resources */,
				F987B3C82CFDDC7800474A1E /* CookiesAdvertisingRules.json in Resources */,
				F987B3C92CFDDC7800474A1E /* CryptominingRules.json in Resources */,
				F987B3CA2CFDDC7800474A1E /* CookiesContentRules.json in Resources */,
				F987B3CB2CFDDC7800474A1E /* CookiesSocialRules.json in Resources */,
				F987B3CC2CFDDC7800474A1E /* CookiesAnalyticsRules.json in Resources */,
				F987B3CD2CFDDC7800474A1E /* AnalyticsRules.json in Resources */,
				F987B3CE2CFDDC7800474A1E /* AdvertisingRules.json in Resources */,
				F987B3CF2CFDDC7800474A1E /* FingerprintingRules.json in Resources */,
				F92921C22B70F5B500173702 /* Assets.xcassets in Resources */,
			);
			runOnlyForDeploymentPostprocessing = 0;
		};
		F92921C92B70F5B500173702 /* Resources */ = {
			isa = PBXResourcesBuildPhase;
			buildActionMask = 2147483647;
			files = (
			);
			runOnlyForDeploymentPostprocessing = 0;
		};
		F96998A02EEDF0D400C3286D /* Resources */ = {
			isa = PBXResourcesBuildPhase;
			buildActionMask = 2147483647;
			files = (
				F96998C12EEDF21200C3286D /* CookiesContentRules.json in Resources */,
				F96998C22EEDF21200C3286D /* AdvertisingRules.json in Resources */,
				F96998C32EEDF21200C3286D /* CryptominingRules.json in Resources */,
				F96998C42EEDF21200C3286D /* CookiesAnalyticsRules.json in Resources */,
				F96998C52EEDF21200C3286D /* AnalyticsRules.json in Resources */,
				F96998C62EEDF21200C3286D /* CookiesAdvertisingRules.json in Resources */,
				F96998C72EEDF21200C3286D /* FingerprintingRules.json in Resources */,
				F96998C82EEDF21200C3286D /* SocialRules.json in Resources */,
				F96998C92EEDF21200C3286D /* CookiesSocialRules.json in Resources */,
			);
			runOnlyForDeploymentPostprocessing = 0;
		};
		F969990A2EEEE9BC00C3286D /* Resources */ = {
			isa = PBXResourcesBuildPhase;
			buildActionMask = 2147483647;
			files = (
				F969992E2EEEEAAC00C3286D /* CryptominingRules.json in Resources */,
				F969992F2EEEEAAC00C3286D /* CookiesAdvertisingRules.json in Resources */,
				F96999302EEEEAAC00C3286D /* FingerprintingRules.json in Resources */,
				F96999312EEEEAAC00C3286D /* CookiesContentRules.json in Resources */,
				F96999322EEEEAAC00C3286D /* SocialRules.json in Resources */,
				F96999332EEEEAAC00C3286D /* AnalyticsRules.json in Resources */,
				F96999342EEEEAAC00C3286D /* CookiesSocialRules.json in Resources */,
				F96999352EEEEAAC00C3286D /* AdvertisingRules.json in Resources */,
				F96999362EEEEAAC00C3286D /* CookiesAnalyticsRules.json in Resources */,
			);
			runOnlyForDeploymentPostprocessing = 0;
		};
/* End PBXResourcesBuildPhase section */

/* Begin PBXSourcesBuildPhase section */
		F90AA46C2F4F9A0800B3B9A7 /* Sources */ = {
			isa = PBXSourcesBuildPhase;
			buildActionMask = 2147483647;
			files = (
			);
			runOnlyForDeploymentPostprocessing = 0;
		};
		F92921B62B70F5B300173702 /* Sources */ = {
			isa = PBXSourcesBuildPhase;
			buildActionMask = 2147483647;
			files = (
				F901D9892E93240900F3B3D9 /* WindowComposer.swift in Sources */,
				F92921F22B70FA0C00173702 /* NavigationBar.swift in Sources */,
				F9EFF0672F19335300DB1766 /* TabAdapter.swift in Sources */,
				F92E5C242CD980150019A9AE /* AddBookmarkView.swift in Sources */,
				F989C4AD2E04527A0021132F /* SearchSuggestionViewModel.swift in Sources */,
				F987B3AA2CFDD9DF00474A1E /* BookmarkSwiftDataStore.swift in Sources */,
				F92921F02B70F9F900173702 /* AddressBarView.swift in Sources */,
				F987F72D2F239DA600E4AF9E /* BookmarkAdapter.swift in Sources */,
				F956B97F2F2FE30F00FDE65A /* WindowViewModel.swift in Sources */,
				F987B3AD2CFDDA5500474A1E /* HistorySwiftDataStore.swift in Sources */,
				F9C070422ECA6C4A001C7E04 /* TabContentView.swift in Sources */,
				F9632D952C186D7800A4F7F9 /* NavigationList.swift in Sources */,
				F9E55D322C45EFD5008B7C64 /* HistoryViewModel.swift in Sources */,
				F94379A02C911B7900DEBFF7 /* HistoryView.swift in Sources */,
				F9462B182C4890B000451759 /* HistoryComposer.swift in Sources */,
				F9CDFD792B711A7C0024E0AD /* WebViewWrapper.swift in Sources */,
				F932F20D2CE23A7800B12B45 /* BookmarkComposer.swift in Sources */,
				F941ED392EAA4BE7007FCB44 /* TabBarView.swift in Sources */,
				F9F01C222F2D1FBF00CE958A /* TabCountButton.swift in Sources */,
				F90877052E1028E000023426 /* SearchSuggestionView.swift in Sources */,
				F932F20E2CE23A7800B12B45 /* BookmarkViewModel.swift in Sources */,
				F932F20F2CE23A7800B12B45 /* BookmarkView.swift in Sources */,
				F94A60F12C758C52001384CB /* MenuView.swift in Sources */,
				F91201272F056317005D9325 /* MenuCommands.swift in Sources */,
				F9654DEB2C149F4D000559FF /* CustomGestureButton.swift in Sources */,
				F9E5D1162EF5C7D9009BA82C /* TabBarManager.swift in Sources */,
				F987B3B02CFDDAD100474A1E /* WebKitEngineWrapper.swift in Sources */,
				F94D65F52BF83D4F00E34EF0 /* WebsiteProtectionButton.swift in Sources */,
				F949B54A2DFA2F86006CC1F4 /* SearchSuggestionComposer.swift in Sources */,
				F9CDFD8E2B71282E0024E0AD /* TabComposer.swift in Sources */,
				F971D8532F34D9A400D13A26 /* HistoryAdapter.swift in Sources */,
				F987B3D12CFDDD4800474A1E /* JsonLoader.swift in Sources */,
				F92921EB2B70F99400173702 /* WindowView.swift in Sources */,
				F94FD0092F26D6D000D7ABA2 /* TabSessionStore.swift in Sources */,
				F95DBA8D2B863A2C0048A987 /* TabViewModel.swift in Sources */,
				F92921BE2B70F5B300173702 /* WebBrowserApp.swift in Sources */,
			);
			runOnlyForDeploymentPostprocessing = 0;
		};
		F92921C72B70F5B500173702 /* Sources */ = {
			isa = PBXSourcesBuildPhase;
			buildActionMask = 2147483647;
			files = (
				F9E55FD82C02AEE20098995F /* WebViewSpy.swift in Sources */,
				F958C74F2CA9FA6B0011D544 /* HistoryViewModelTests.swift in Sources */,
				F932F2032CE23A6A00B12B45 /* BookmarkViewModelTests.swift in Sources */,
			);
			runOnlyForDeploymentPostprocessing = 0;
		};
		F969989E2EEDF0D400C3286D /* Sources */ = {
			isa = PBXSourcesBuildPhase;
			buildActionMask = 2147483647;
			files = (
				F96998AD2EEDF21200C3286D /* WebsiteProtectionButton.swift in Sources */,
				F96998AE2EEDF21200C3286D /* TabViewModel.swift in Sources */,
				F96998AF2EEDF21200C3286D /* BookmarkComposer.swift in Sources */,
				F96998B02EEDF21200C3286D /* BookmarkViewModel.swift in Sources */,
				F9F01C212F2D1FBF00CE958A /* TabCountButton.swift in Sources */,
				F96998B12EEDF21200C3286D /* SearchSuggestionView.swift in Sources */,
				F9EFF0682F1935B900DB1766 /* TabAdapter.swift in Sources */,
				F971D8542F34D9A400D13A26 /* HistoryAdapter.swift in Sources */,
				F96998B22EEDF21200C3286D /* NavigationList.swift in Sources */,
				F96998B32EEDF21200C3286D /* CustomGestureButton.swift in Sources */,
				F96998B42EEDF21200C3286D /* SearchSuggestionViewModel.swift in Sources */,
				F956B97E2F2FE30F00FDE65A /* WindowViewModel.swift in Sources */,
				F96998B52EEDF21200C3286D /* HistoryComposer.swift in Sources */,
				F96998B72EEDF21200C3286D /* WebViewWrapper.swift in Sources */,
				F9E5D1152EF5C7D9009BA82C /* TabBarManager.swift in Sources */,
				F96998B82EEDF21200C3286D /* HistoryViewModel.swift in Sources */,
				F96998B92EEDF21200C3286D /* WebKitEngineWrapper.swift in Sources */,
				F987F72C2F239DA600E4AF9E /* BookmarkAdapter.swift in Sources */,
				F94FD0082F26D6D000D7ABA2 /* TabSessionStore.swift in Sources */,
				F96998BA2EEDF21200C3286D /* BookmarkSwiftDataStore.swift in Sources */,
				F96998BB2EEDF21200C3286D /* JsonLoader.swift in Sources */,
				F96998BC2EEDF21200C3286D /* AddressBarView.swift in Sources */,
				F96998BD2EEDF21200C3286D /* NavigationBar.swift in Sources */,
				F96998BE2EEDF21200C3286D /* SearchSuggestionComposer.swift in Sources */,
				F96998BF2EEDF21200C3286D /* HistorySwiftDataStore.swift in Sources */,
				F96998C02EEDF21200C3286D /* TabBarView.swift in Sources */,
			);
			runOnlyForDeploymentPostprocessing = 0;
		};
		F96999082EEEE9BC00C3286D /* Sources */ = {
			isa = PBXSourcesBuildPhase;
			buildActionMask = 2147483647;
			files = (
				F96999372EEEEAAC00C3286D /* SearchSuggestionComposer.swift in Sources */,
				F96999392EEEEAAC00C3286D /* HistoryComposer.swift in Sources */,
				F9EFF0692F1935B900DB1766 /* TabAdapter.swift in Sources */,
				F969993B2EEEEAAC00C3286D /* SearchSuggestionViewModel.swift in Sources */,
				F9F01C202F2D1FBF00CE958A /* TabCountButton.swift in Sources */,
				F969993C2EEEEAAC00C3286D /* WebViewWrapper.swift in Sources */,
				F969993D2EEEEAAC00C3286D /* JsonLoader.swift in Sources */,
				F969993E2EEEEAAC00C3286D /* CustomGestureButton.swift in Sources */,
				F969993F2EEEEAAC00C3286D /* HistorySwiftDataStore.swift in Sources */,
				F96999402EEEEAAC00C3286D /* NavigationBar.swift in Sources */,
				F956B9802F2FE30F00FDE65A /* WindowViewModel.swift in Sources */,
				F96999412EEEEAAC00C3286D /* BookmarkComposer.swift in Sources */,
				F96999422EEEEAAC00C3286D /* NavigationList.swift in Sources */,
				F971D8552F34D9A400D13A26 /* HistoryAdapter.swift in Sources */,
				F96999432EEEEAAC00C3286D /* WebsiteProtectionButton.swift in Sources */,
				F96999442EEEEAAC00C3286D /* HistoryViewModel.swift in Sources */,
				F96999452EEEEAAC00C3286D /* BookmarkViewModel.swift in Sources */,
				F94FD0072F26D6D000D7ABA2 /* TabSessionStore.swift in Sources */,
				F96999462EEEEAAC00C3286D /* BookmarkSwiftDataStore.swift in Sources */,
				F96999472EEEEAAC00C3286D /* SearchSuggestionView.swift in Sources */,
				F987F72B2F239DA600E4AF9E /* BookmarkAdapter.swift in Sources */,
				F96999482EEEEAAC00C3286D /* TabViewModel.swift in Sources */,
				F96999492EEEEAAC00C3286D /* WebKitEngineWrapper.swift in Sources */,
				F9E5D1142EF5C7D9009BA82C /* TabBarManager.swift in Sources */,
				F969994B2EEEEAAC00C3286D /* AddressBarView.swift in Sources */,
			);
			runOnlyForDeploymentPostprocessing = 0;
		};
/* End PBXSourcesBuildPhase section */

/* Begin PBXTargetDependency section */
		F92921CD2B70F5B500173702 /* PBXTargetDependency */ = {
			isa = PBXTargetDependency;
			target = F92921B92B70F5B300173702 /* web-browser */;
			targetProxy = F92921CC2B70F5B500173702 /* PBXContainerItemProxy */;
		};
/* End PBXTargetDependency section */

/* Begin XCBuildConfiguration section */
		F90AA47D2F4F9A0900B3B9A7 /* Debug */ = {
			isa = XCBuildConfiguration;
			buildSettings = {
				ASSETCATALOG_COMPILER_APPICON_NAME = AppIcon;
				ASSETCATALOG_COMPILER_GLOBAL_ACCENT_COLOR_NAME = AccentColor;
				CODE_SIGN_STYLE = Automatic;
				CURRENT_PROJECT_VERSION = 1;
				ENABLE_PREVIEWS = YES;
				GENERATE_INFOPLIST_FILE = YES;
				INFOPLIST_FILE = "$(TARGET_NAME)/Info.plist";
				LD_RUNPATH_SEARCH_PATHS = (
					"$(inherited)",
					"@executable_path/Frameworks",
				);
				MARKETING_VERSION = 1.0;
				PRODUCT_BUNDLE_IDENTIFIER = "mauricio-maniglia.visionOS-web-browser";
				PRODUCT_NAME = "$(TARGET_NAME)";
				SDKROOT = xros;
				STRING_CATALOG_GENERATE_SYMBOLS = YES;
				SUPPORTED_PLATFORMS = "xros xrsimulator";
				SWIFT_APPROACHABLE_CONCURRENCY = YES;
				SWIFT_DEFAULT_ACTOR_ISOLATION = MainActor;
				SWIFT_EMIT_LOC_STRINGS = YES;
				SWIFT_UPCOMING_FEATURE_MEMBER_IMPORT_VISIBILITY = YES;
				SWIFT_VERSION = 6.0;
				TARGETED_DEVICE_FAMILY = 7;
				XROS_DEPLOYMENT_TARGET = 26.2;
			};
			name = Debug;
		};
		F90AA47E2F4F9A0900B3B9A7 /* Release */ = {
			isa = XCBuildConfiguration;
			buildSettings = {
				ASSETCATALOG_COMPILER_APPICON_NAME = AppIcon;
				ASSETCATALOG_COMPILER_GLOBAL_ACCENT_COLOR_NAME = AccentColor;
				CODE_SIGN_STYLE = Automatic;
				CURRENT_PROJECT_VERSION = 1;
				ENABLE_PREVIEWS = YES;
				GENERATE_INFOPLIST_FILE = YES;
				INFOPLIST_FILE = "$(TARGET_NAME)/Info.plist";
				LD_RUNPATH_SEARCH_PATHS = (
					"$(inherited)",
					"@executable_path/Frameworks",
				);
				MARKETING_VERSION = 1.0;
				PRODUCT_BUNDLE_IDENTIFIER = "mauricio-maniglia.visionOS-web-browser";
				PRODUCT_NAME = "$(TARGET_NAME)";
				SDKROOT = xros;
				STRING_CATALOG_GENERATE_SYMBOLS = YES;
				SUPPORTED_PLATFORMS = "xros xrsimulator";
				SWIFT_APPROACHABLE_CONCURRENCY = YES;
				SWIFT_DEFAULT_ACTOR_ISOLATION = MainActor;
				SWIFT_EMIT_LOC_STRINGS = YES;
				SWIFT_UPCOMING_FEATURE_MEMBER_IMPORT_VISIBILITY = YES;
				SWIFT_VERSION = 6.0;
				TARGETED_DEVICE_FAMILY = 7;
				VALIDATE_PRODUCT = YES;
				XROS_DEPLOYMENT_TARGET = 26.2;
			};
			name = Release;
		};
		F92921DD2B70F5B500173702 /* Debug */ = {
			isa = XCBuildConfiguration;
			buildSettings = {
				ALWAYS_SEARCH_USER_PATHS = NO;
				ASSETCATALOG_COMPILER_GENERATE_SWIFT_ASSET_SYMBOL_EXTENSIONS = YES;
				CLANG_ANALYZER_NONNULL = YES;
				CLANG_ANALYZER_NUMBER_OBJECT_CONVERSION = YES_AGGRESSIVE;
				CLANG_CXX_LANGUAGE_STANDARD = "gnu++20";
				CLANG_ENABLE_MODULES = YES;
				CLANG_ENABLE_OBJC_ARC = YES;
				CLANG_ENABLE_OBJC_WEAK = YES;
				CLANG_WARN_BLOCK_CAPTURE_AUTORELEASING = YES;
				CLANG_WARN_BOOL_CONVERSION = YES;
				CLANG_WARN_COMMA = YES;
				CLANG_WARN_CONSTANT_CONVERSION = YES;
				CLANG_WARN_DEPRECATED_OBJC_IMPLEMENTATIONS = YES;
				CLANG_WARN_DIRECT_OBJC_ISA_USAGE = YES_ERROR;
				CLANG_WARN_DOCUMENTATION_COMMENTS = YES;
				CLANG_WARN_EMPTY_BODY = YES;
				CLANG_WARN_ENUM_CONVERSION = YES;
				CLANG_WARN_INFINITE_RECURSION = YES;
				CLANG_WARN_INT_CONVERSION = YES;
				CLANG_WARN_NON_LITERAL_NULL_CONVERSION = YES;
				CLANG_WARN_OBJC_IMPLICIT_RETAIN_SELF = YES;
				CLANG_WARN_OBJC_LITERAL_CONVERSION = YES;
				CLANG_WARN_OBJC_ROOT_CLASS = YES_ERROR;
				CLANG_WARN_QUOTED_INCLUDE_IN_FRAMEWORK_HEADER = YES;
				CLANG_WARN_RANGE_LOOP_ANALYSIS = YES;
				CLANG_WARN_STRICT_PROTOTYPES = YES;
				CLANG_WARN_SUSPICIOUS_MOVE = YES;
				CLANG_WARN_UNGUARDED_AVAILABILITY = YES_AGGRESSIVE;
				CLANG_WARN_UNREACHABLE_CODE = YES;
				CLANG_WARN__DUPLICATE_METHOD_MATCH = YES;
				COPY_PHASE_STRIP = NO;
				DEAD_CODE_STRIPPING = YES;
				DEBUG_INFORMATION_FORMAT = dwarf;
				DEVELOPMENT_TEAM = X9V22R376N;
				ENABLE_STRICT_OBJC_MSGSEND = YES;
				ENABLE_TESTABILITY = YES;
				ENABLE_USER_SCRIPT_SANDBOXING = YES;
				GCC_C_LANGUAGE_STANDARD = gnu17;
				GCC_DYNAMIC_NO_PIC = NO;
				GCC_NO_COMMON_BLOCKS = YES;
				GCC_OPTIMIZATION_LEVEL = 0;
				GCC_PREPROCESSOR_DEFINITIONS = (
					"DEBUG=1",
					"$(inherited)",
				);
				GCC_WARN_64_TO_32_BIT_CONVERSION = YES;
				GCC_WARN_ABOUT_RETURN_TYPE = YES_ERROR;
				GCC_WARN_UNDECLARED_SELECTOR = YES;
				GCC_WARN_UNINITIALIZED_AUTOS = YES_AGGRESSIVE;
				GCC_WARN_UNUSED_FUNCTION = YES;
				GCC_WARN_UNUSED_VARIABLE = YES;
				LOCALIZATION_PREFERS_STRING_CATALOGS = YES;
				MTL_ENABLE_DEBUG_INFO = INCLUDE_SOURCE;
				MTL_FAST_MATH = YES;
				ONLY_ACTIVE_ARCH = YES;
				STRING_CATALOG_GENERATE_SYMBOLS = YES;
				SWIFT_ACTIVE_COMPILATION_CONDITIONS = "DEBUG $(inherited)";
				SWIFT_OPTIMIZATION_LEVEL = "-Onone";
			};
			name = Debug;
		};
		F92921DE2B70F5B500173702 /* Release */ = {
			isa = XCBuildConfiguration;
			buildSettings = {
				ALWAYS_SEARCH_USER_PATHS = NO;
				ASSETCATALOG_COMPILER_GENERATE_SWIFT_ASSET_SYMBOL_EXTENSIONS = YES;
				CLANG_ANALYZER_NONNULL = YES;
				CLANG_ANALYZER_NUMBER_OBJECT_CONVERSION = YES_AGGRESSIVE;
				CLANG_CXX_LANGUAGE_STANDARD = "gnu++20";
				CLANG_ENABLE_MODULES = YES;
				CLANG_ENABLE_OBJC_ARC = YES;
				CLANG_ENABLE_OBJC_WEAK = YES;
				CLANG_WARN_BLOCK_CAPTURE_AUTORELEASING = YES;
				CLANG_WARN_BOOL_CONVERSION = YES;
				CLANG_WARN_COMMA = YES;
				CLANG_WARN_CONSTANT_CONVERSION = YES;
				CLANG_WARN_DEPRECATED_OBJC_IMPLEMENTATIONS = YES;
				CLANG_WARN_DIRECT_OBJC_ISA_USAGE = YES_ERROR;
				CLANG_WARN_DOCUMENTATION_COMMENTS = YES;
				CLANG_WARN_EMPTY_BODY = YES;
				CLANG_WARN_ENUM_CONVERSION = YES;
				CLANG_WARN_INFINITE_RECURSION = YES;
				CLANG_WARN_INT_CONVERSION = YES;
				CLANG_WARN_NON_LITERAL_NULL_CONVERSION = YES;
				CLANG_WARN_OBJC_IMPLICIT_RETAIN_SELF = YES;
				CLANG_WARN_OBJC_LITERAL_CONVERSION = YES;
				CLANG_WARN_OBJC_ROOT_CLASS = YES_ERROR;
				CLANG_WARN_QUOTED_INCLUDE_IN_FRAMEWORK_HEADER = YES;
				CLANG_WARN_RANGE_LOOP_ANALYSIS = YES;
				CLANG_WARN_STRICT_PROTOTYPES = YES;
				CLANG_WARN_SUSPICIOUS_MOVE = YES;
				CLANG_WARN_UNGUARDED_AVAILABILITY = YES_AGGRESSIVE;
				CLANG_WARN_UNREACHABLE_CODE = YES;
				CLANG_WARN__DUPLICATE_METHOD_MATCH = YES;
				COPY_PHASE_STRIP = NO;
				DEAD_CODE_STRIPPING = YES;
				DEBUG_INFORMATION_FORMAT = "dwarf-with-dsym";
				DEVELOPMENT_TEAM = X9V22R376N;
				ENABLE_NS_ASSERTIONS = NO;
				ENABLE_STRICT_OBJC_MSGSEND = YES;
				ENABLE_USER_SCRIPT_SANDBOXING = YES;
				GCC_C_LANGUAGE_STANDARD = gnu17;
				GCC_NO_COMMON_BLOCKS = YES;
				GCC_WARN_64_TO_32_BIT_CONVERSION = YES;
				GCC_WARN_ABOUT_RETURN_TYPE = YES_ERROR;
				GCC_WARN_UNDECLARED_SELECTOR = YES;
				GCC_WARN_UNINITIALIZED_AUTOS = YES_AGGRESSIVE;
				GCC_WARN_UNUSED_FUNCTION = YES;
				GCC_WARN_UNUSED_VARIABLE = YES;
				LOCALIZATION_PREFERS_STRING_CATALOGS = YES;
				MTL_ENABLE_DEBUG_INFO = NO;
				MTL_FAST_MATH = YES;
				STRING_CATALOG_GENERATE_SYMBOLS = YES;
				SWIFT_COMPILATION_MODE = wholemodule;
			};
			name = Release;
		};
		F92921E02B70F5B500173702 /* Debug */ = {
			isa = XCBuildConfiguration;
			buildSettings = {
				ASSETCATALOG_COMPILER_APPICON_NAME = AppIcon;
				ASSETCATALOG_COMPILER_GLOBAL_ACCENT_COLOR_NAME = AccentColor;
				CODE_SIGN_ENTITLEMENTS = "web-browser/web_browser.entitlements";
				CODE_SIGN_STYLE = Automatic;
				CURRENT_PROJECT_VERSION = 1;
				DEAD_CODE_STRIPPING = YES;
				DEVELOPMENT_ASSET_PATHS = "\"web-browser/Assets/Preview Content\"";
				ENABLE_APP_SANDBOX = YES;
				ENABLE_HARDENED_RUNTIME = YES;
				ENABLE_INCOMING_NETWORK_CONNECTIONS = YES;
				ENABLE_OUTGOING_NETWORK_CONNECTIONS = YES;
				ENABLE_PREVIEWS = YES;
				ENABLE_USER_SELECTED_FILES = readonly;
				GENERATE_INFOPLIST_FILE = YES;
				"INFOPLIST_KEY_UIApplicationSceneManifest_Generation[sdk=iphoneos*]" = YES;
				"INFOPLIST_KEY_UIApplicationSceneManifest_Generation[sdk=iphonesimulator*]" = YES;
				"INFOPLIST_KEY_UIApplicationSupportsIndirectInputEvents[sdk=iphoneos*]" = YES;
				"INFOPLIST_KEY_UIApplicationSupportsIndirectInputEvents[sdk=iphonesimulator*]" = YES;
				"INFOPLIST_KEY_UILaunchScreen_Generation[sdk=iphoneos*]" = YES;
				"INFOPLIST_KEY_UILaunchScreen_Generation[sdk=iphonesimulator*]" = YES;
				"INFOPLIST_KEY_UIStatusBarStyle[sdk=iphoneos*]" = UIStatusBarStyleDefault;
				"INFOPLIST_KEY_UIStatusBarStyle[sdk=iphonesimulator*]" = UIStatusBarStyleDefault;
				INFOPLIST_KEY_UISupportedInterfaceOrientations_iPad = "UIInterfaceOrientationPortrait UIInterfaceOrientationPortraitUpsideDown UIInterfaceOrientationLandscapeLeft UIInterfaceOrientationLandscapeRight";
				INFOPLIST_KEY_UISupportedInterfaceOrientations_iPhone = "UIInterfaceOrientationPortrait UIInterfaceOrientationLandscapeLeft UIInterfaceOrientationLandscapeRight";
				IPHONEOS_DEPLOYMENT_TARGET = 17.2;
				LD_RUNPATH_SEARCH_PATHS = "@executable_path/Frameworks";
				"LD_RUNPATH_SEARCH_PATHS[sdk=macosx*]" = "@executable_path/../Frameworks";
				MACOSX_DEPLOYMENT_TARGET = 14.2;
				MARKETING_VERSION = 1.0;
				PRODUCT_BUNDLE_IDENTIFIER = "mauricio-maniglia.web-browser";
				PRODUCT_NAME = "$(TARGET_NAME)";
				REGISTER_APP_GROUPS = YES;
				SDKROOT = auto;
				SUPPORTED_PLATFORMS = macosx;
				SUPPORTS_MACCATALYST = NO;
				SWIFT_EMIT_LOC_STRINGS = YES;
				SWIFT_VERSION = 6.0;
			};
			name = Debug;
		};
		F92921E12B70F5B500173702 /* Release */ = {
			isa = XCBuildConfiguration;
			buildSettings = {
				ASSETCATALOG_COMPILER_APPICON_NAME = AppIcon;
				ASSETCATALOG_COMPILER_GLOBAL_ACCENT_COLOR_NAME = AccentColor;
				CODE_SIGN_ENTITLEMENTS = "web-browser/web_browser.entitlements";
				CODE_SIGN_STYLE = Automatic;
				CURRENT_PROJECT_VERSION = 1;
				DEAD_CODE_STRIPPING = YES;
				DEVELOPMENT_ASSET_PATHS = "\"web-browser/Assets/Preview Content\"";
				ENABLE_APP_SANDBOX = YES;
				ENABLE_HARDENED_RUNTIME = YES;
				ENABLE_INCOMING_NETWORK_CONNECTIONS = YES;
				ENABLE_OUTGOING_NETWORK_CONNECTIONS = YES;
				ENABLE_PREVIEWS = YES;
				ENABLE_USER_SELECTED_FILES = readonly;
				GENERATE_INFOPLIST_FILE = YES;
				"INFOPLIST_KEY_UIApplicationSceneManifest_Generation[sdk=iphoneos*]" = YES;
				"INFOPLIST_KEY_UIApplicationSceneManifest_Generation[sdk=iphonesimulator*]" = YES;
				"INFOPLIST_KEY_UIApplicationSupportsIndirectInputEvents[sdk=iphoneos*]" = YES;
				"INFOPLIST_KEY_UIApplicationSupportsIndirectInputEvents[sdk=iphonesimulator*]" = YES;
				"INFOPLIST_KEY_UILaunchScreen_Generation[sdk=iphoneos*]" = YES;
				"INFOPLIST_KEY_UILaunchScreen_Generation[sdk=iphonesimulator*]" = YES;
				"INFOPLIST_KEY_UIStatusBarStyle[sdk=iphoneos*]" = UIStatusBarStyleDefault;
				"INFOPLIST_KEY_UIStatusBarStyle[sdk=iphonesimulator*]" = UIStatusBarStyleDefault;
				INFOPLIST_KEY_UISupportedInterfaceOrientations_iPad = "UIInterfaceOrientationPortrait UIInterfaceOrientationPortraitUpsideDown UIInterfaceOrientationLandscapeLeft UIInterfaceOrientationLandscapeRight";
				INFOPLIST_KEY_UISupportedInterfaceOrientations_iPhone = "UIInterfaceOrientationPortrait UIInterfaceOrientationLandscapeLeft UIInterfaceOrientationLandscapeRight";
				IPHONEOS_DEPLOYMENT_TARGET = 17.2;
				LD_RUNPATH_SEARCH_PATHS = "@executable_path/Frameworks";
				"LD_RUNPATH_SEARCH_PATHS[sdk=macosx*]" = "@executable_path/../Frameworks";
				MACOSX_DEPLOYMENT_TARGET = 14.2;
				MARKETING_VERSION = 1.0;
				PRODUCT_BUNDLE_IDENTIFIER = "mauricio-maniglia.web-browser";
				PRODUCT_NAME = "$(TARGET_NAME)";
				REGISTER_APP_GROUPS = YES;
				SDKROOT = auto;
				SUPPORTED_PLATFORMS = macosx;
				SUPPORTS_MACCATALYST = NO;
				SWIFT_EMIT_LOC_STRINGS = YES;
				SWIFT_VERSION = 6.0;
			};
			name = Release;
		};
		F92921E32B70F5B500173702 /* Debug */ = {
			isa = XCBuildConfiguration;
			buildSettings = {
				BUNDLE_LOADER = "$(TEST_HOST)";
				CODE_SIGN_STYLE = Automatic;
				CURRENT_PROJECT_VERSION = 1;
				DEAD_CODE_STRIPPING = YES;
				GENERATE_INFOPLIST_FILE = YES;
				IPHONEOS_DEPLOYMENT_TARGET = 17.2;
				MACOSX_DEPLOYMENT_TARGET = 14.2;
				MARKETING_VERSION = 1.0;
				PRODUCT_BUNDLE_IDENTIFIER = "mauricio-maniglia.web-browserTests";
				PRODUCT_NAME = "$(TARGET_NAME)";
				SDKROOT = auto;
				SUPPORTED_PLATFORMS = "iphoneos iphonesimulator macosx";
				SWIFT_EMIT_LOC_STRINGS = NO;
				SWIFT_VERSION = 6.0;
				TARGETED_DEVICE_FAMILY = "1,2";
				TEST_HOST = "$(BUILT_PRODUCTS_DIR)/web-browser.app/$(BUNDLE_EXECUTABLE_FOLDER_PATH)/web-browser";
			};
			name = Debug;
		};
		F92921E42B70F5B500173702 /* Release */ = {
			isa = XCBuildConfiguration;
			buildSettings = {
				BUNDLE_LOADER = "$(TEST_HOST)";
				CODE_SIGN_STYLE = Automatic;
				CURRENT_PROJECT_VERSION = 1;
				DEAD_CODE_STRIPPING = YES;
				GENERATE_INFOPLIST_FILE = YES;
				IPHONEOS_DEPLOYMENT_TARGET = 17.2;
				MACOSX_DEPLOYMENT_TARGET = 14.2;
				MARKETING_VERSION = 1.0;
				PRODUCT_BUNDLE_IDENTIFIER = "mauricio-maniglia.web-browserTests";
				PRODUCT_NAME = "$(TARGET_NAME)";
				SDKROOT = auto;
				SUPPORTED_PLATFORMS = "iphoneos iphonesimulator macosx";
				SWIFT_EMIT_LOC_STRINGS = NO;
				SWIFT_VERSION = 6.0;
				TARGETED_DEVICE_FAMILY = "1,2";
				TEST_HOST = "$(BUILT_PRODUCTS_DIR)/web-browser.app/$(BUNDLE_EXECUTABLE_FOLDER_PATH)/web-browser";
			};
			name = Release;
		};
		F96998AA2EEDF0D600C3286D /* Debug */ = {
			isa = XCBuildConfiguration;
			buildSettings = {
				ASSETCATALOG_COMPILER_APPICON_NAME = AppIcon;
				ASSETCATALOG_COMPILER_GLOBAL_ACCENT_COLOR_NAME = AccentColor;
				CODE_SIGN_ENTITLEMENTS = "iPadOS-web-browser/iPadOS-web-browser.entitlements";
				CODE_SIGN_STYLE = Automatic;
				CURRENT_PROJECT_VERSION = 1;
				ENABLE_PREVIEWS = YES;
				GENERATE_INFOPLIST_FILE = YES;
				INFOPLIST_KEY_UIApplicationSceneManifest_Generation = YES;
				INFOPLIST_KEY_UIApplicationSupportsIndirectInputEvents = YES;
				INFOPLIST_KEY_UILaunchScreen_Generation = YES;
				INFOPLIST_KEY_UISupportedInterfaceOrientations_iPad = "UIInterfaceOrientationPortrait UIInterfaceOrientationPortraitUpsideDown UIInterfaceOrientationLandscapeLeft UIInterfaceOrientationLandscapeRight";
				INFOPLIST_KEY_UISupportedInterfaceOrientations_iPhone = "UIInterfaceOrientationPortrait UIInterfaceOrientationLandscapeLeft UIInterfaceOrientationLandscapeRight";
				IPHONEOS_DEPLOYMENT_TARGET = 18.5;
				LD_RUNPATH_SEARCH_PATHS = (
					"$(inherited)",
					"@executable_path/Frameworks",
				);
				MARKETING_VERSION = 1.0;
				PRODUCT_BUNDLE_IDENTIFIER = "mauricio-maniglia.iPadOS-web-browser";
				PRODUCT_NAME = "$(TARGET_NAME)";
				SDKROOT = iphoneos;
				SUPPORTED_PLATFORMS = "iphoneos iphonesimulator";
				SUPPORTS_MACCATALYST = NO;
				SUPPORTS_MAC_DESIGNED_FOR_IPHONE_IPAD = NO;
				SUPPORTS_XR_DESIGNED_FOR_IPHONE_IPAD = NO;
				SWIFT_EMIT_LOC_STRINGS = YES;
				SWIFT_VERSION = 6.0;
				TARGETED_DEVICE_FAMILY = 2;
			};
			name = Debug;
		};
		F96998AB2EEDF0D600C3286D /* Release */ = {
			isa = XCBuildConfiguration;
			buildSettings = {
				ASSETCATALOG_COMPILER_APPICON_NAME = AppIcon;
				ASSETCATALOG_COMPILER_GLOBAL_ACCENT_COLOR_NAME = AccentColor;
				CODE_SIGN_ENTITLEMENTS = "iPadOS-web-browser/iPadOS-web-browser.entitlements";
				CODE_SIGN_STYLE = Automatic;
				CURRENT_PROJECT_VERSION = 1;
				ENABLE_PREVIEWS = YES;
				GENERATE_INFOPLIST_FILE = YES;
				INFOPLIST_KEY_UIApplicationSceneManifest_Generation = YES;
				INFOPLIST_KEY_UIApplicationSupportsIndirectInputEvents = YES;
				INFOPLIST_KEY_UILaunchScreen_Generation = YES;
				INFOPLIST_KEY_UISupportedInterfaceOrientations_iPad = "UIInterfaceOrientationPortrait UIInterfaceOrientationPortraitUpsideDown UIInterfaceOrientationLandscapeLeft UIInterfaceOrientationLandscapeRight";
				INFOPLIST_KEY_UISupportedInterfaceOrientations_iPhone = "UIInterfaceOrientationPortrait UIInterfaceOrientationLandscapeLeft UIInterfaceOrientationLandscapeRight";
				IPHONEOS_DEPLOYMENT_TARGET = 18.5;
				LD_RUNPATH_SEARCH_PATHS = (
					"$(inherited)",
					"@executable_path/Frameworks",
				);
				MARKETING_VERSION = 1.0;
				PRODUCT_BUNDLE_IDENTIFIER = "mauricio-maniglia.iPadOS-web-browser";
				PRODUCT_NAME = "$(TARGET_NAME)";
				SDKROOT = iphoneos;
				SUPPORTED_PLATFORMS = "iphoneos iphonesimulator";
				SUPPORTS_MACCATALYST = NO;
				SUPPORTS_MAC_DESIGNED_FOR_IPHONE_IPAD = NO;
				SUPPORTS_XR_DESIGNED_FOR_IPHONE_IPAD = NO;
				SWIFT_EMIT_LOC_STRINGS = YES;
				SWIFT_VERSION = 6.0;
				TARGETED_DEVICE_FAMILY = 2;
				VALIDATE_PRODUCT = YES;
			};
			name = Release;
		};
		F96999142EEEE9BD00C3286D /* Debug */ = {
			isa = XCBuildConfiguration;
			buildSettings = {
				ASSETCATALOG_COMPILER_APPICON_NAME = AppIcon;
				ASSETCATALOG_COMPILER_GLOBAL_ACCENT_COLOR_NAME = AccentColor;
				CODE_SIGN_ENTITLEMENTS = "iOS-web-browser/iOS-web-browser.entitlements";
				CODE_SIGN_STYLE = Automatic;
				CURRENT_PROJECT_VERSION = 1;
				ENABLE_PREVIEWS = YES;
				GENERATE_INFOPLIST_FILE = YES;
				INFOPLIST_KEY_UIApplicationSceneManifest_Generation = YES;
				INFOPLIST_KEY_UIApplicationSupportsIndirectInputEvents = YES;
				INFOPLIST_KEY_UILaunchScreen_Generation = YES;
				INFOPLIST_KEY_UISupportedInterfaceOrientations_iPad = "UIInterfaceOrientationPortrait UIInterfaceOrientationPortraitUpsideDown UIInterfaceOrientationLandscapeLeft UIInterfaceOrientationLandscapeRight";
				INFOPLIST_KEY_UISupportedInterfaceOrientations_iPhone = "UIInterfaceOrientationPortrait UIInterfaceOrientationLandscapeLeft UIInterfaceOrientationLandscapeRight";
				IPHONEOS_DEPLOYMENT_TARGET = 18.5;
				LD_RUNPATH_SEARCH_PATHS = (
					"$(inherited)",
					"@executable_path/Frameworks",
				);
				MARKETING_VERSION = 1.0;
				PRODUCT_BUNDLE_IDENTIFIER = "mauricio-maniglia.iOS-web-browser";
				PRODUCT_NAME = "$(TARGET_NAME)";
				SDKROOT = iphoneos;
				SUPPORTED_PLATFORMS = "iphoneos iphonesimulator";
				SUPPORTS_MACCATALYST = NO;
				SUPPORTS_MAC_DESIGNED_FOR_IPHONE_IPAD = NO;
				SUPPORTS_XR_DESIGNED_FOR_IPHONE_IPAD = NO;
				SWIFT_EMIT_LOC_STRINGS = YES;
				SWIFT_VERSION = 6.0;
				TARGETED_DEVICE_FAMILY = 1;
			};
			name = Debug;
		};
		F96999152EEEE9BD00C3286D /* Release */ = {
			isa = XCBuildConfiguration;
			buildSettings = {
				ASSETCATALOG_COMPILER_APPICON_NAME = AppIcon;
				ASSETCATALOG_COMPILER_GLOBAL_ACCENT_COLOR_NAME = AccentColor;
				CODE_SIGN_ENTITLEMENTS = "iOS-web-browser/iOS-web-browser.entitlements";
				CODE_SIGN_STYLE = Automatic;
				CURRENT_PROJECT_VERSION = 1;
				ENABLE_PREVIEWS = YES;
				GENERATE_INFOPLIST_FILE = YES;
				INFOPLIST_KEY_UIApplicationSceneManifest_Generation = YES;
				INFOPLIST_KEY_UIApplicationSupportsIndirectInputEvents = YES;
				INFOPLIST_KEY_UILaunchScreen_Generation = YES;
				INFOPLIST_KEY_UISupportedInterfaceOrientations_iPad = "UIInterfaceOrientationPortrait UIInterfaceOrientationPortraitUpsideDown UIInterfaceOrientationLandscapeLeft UIInterfaceOrientationLandscapeRight";
				INFOPLIST_KEY_UISupportedInterfaceOrientations_iPhone = "UIInterfaceOrientationPortrait UIInterfaceOrientationLandscapeLeft UIInterfaceOrientationLandscapeRight";
				IPHONEOS_DEPLOYMENT_TARGET = 18.5;
				LD_RUNPATH_SEARCH_PATHS = (
					"$(inherited)",
					"@executable_path/Frameworks",
				);
				MARKETING_VERSION = 1.0;
				PRODUCT_BUNDLE_IDENTIFIER = "mauricio-maniglia.iOS-web-browser";
				PRODUCT_NAME = "$(TARGET_NAME)";
				SDKROOT = iphoneos;
				SUPPORTED_PLATFORMS = "iphoneos iphonesimulator";
				SUPPORTS_MACCATALYST = NO;
				SUPPORTS_MAC_DESIGNED_FOR_IPHONE_IPAD = NO;
				SUPPORTS_XR_DESIGNED_FOR_IPHONE_IPAD = NO;
				SWIFT_EMIT_LOC_STRINGS = YES;
				SWIFT_VERSION = 6.0;
				TARGETED_DEVICE_FAMILY = 1;
				VALIDATE_PRODUCT = YES;
			};
			name = Release;
		};
/* End XCBuildConfiguration section */

/* Begin XCConfigurationList section */
		F90AA4802F4F9A0900B3B9A7 /* Build configuration list for PBXNativeTarget "visionOS-web-browser" */ = {
			isa = XCConfigurationList;
			buildConfigurations = (
				F90AA47D2F4F9A0900B3B9A7 /* Debug */,
				F90AA47E2F4F9A0900B3B9A7 /* Release */,
			);
			defaultConfigurationIsVisible = 0;
			defaultConfigurationName = Release;
		};
		F92921B52B70F5B300173702 /* Build configuration list for PBXProject "web-browser" */ = {
			isa = XCConfigurationList;
			buildConfigurations = (
				F92921DD2B70F5B500173702 /* Debug */,
				F92921DE2B70F5B500173702 /* Release */,
			);
			defaultConfigurationIsVisible = 0;
			defaultConfigurationName = Release;
		};
		F92921DF2B70F5B500173702 /* Build configuration list for PBXNativeTarget "web-browser" */ = {
			isa = XCConfigurationList;
			buildConfigurations = (
				F92921E02B70F5B500173702 /* Debug */,
				F92921E12B70F5B500173702 /* Release */,
			);
			defaultConfigurationIsVisible = 0;
			defaultConfigurationName = Release;
		};
		F92921E22B70F5B500173702 /* Build configuration list for PBXNativeTarget "web-browserTests" */ = {
			isa = XCConfigurationList;
			buildConfigurations = (
				F92921E32B70F5B500173702 /* Debug */,
				F92921E42B70F5B500173702 /* Release */,
			);
			defaultConfigurationIsVisible = 0;
			defaultConfigurationName = Release;
		};
		F96998AC2EEDF0D600C3286D /* Build configuration list for PBXNativeTarget "iPadOS-web-browser" */ = {
			isa = XCConfigurationList;
			buildConfigurations = (
				F96998AA2EEDF0D600C3286D /* Debug */,
				F96998AB2EEDF0D600C3286D /* Release */,
			);
			defaultConfigurationIsVisible = 0;
			defaultConfigurationName = Release;
		};
		F96999162EEEE9BD00C3286D /* Build configuration list for PBXNativeTarget "iOS-web-browser" */ = {
			isa = XCConfigurationList;
			buildConfigurations = (
				F96999142EEEE9BD00C3286D /* Debug */,
				F96999152EEEE9BD00C3286D /* Release */,
			);
			defaultConfigurationIsVisible = 0;
			defaultConfigurationName = Release;
		};
/* End XCConfigurationList section */

/* Begin XCSwiftPackageProductDependency section */
		F90AA4742F4F9A0800B3B9A7 /* RealityKitContent */ = {
			isa = XCSwiftPackageProductDependency;
			productName = RealityKitContent;
		};
		F96998E92EEDF3FF00C3286D /* Services */ = {
			isa = XCSwiftPackageProductDependency;
			productName = Services;
		};
		F96999172EEEE9E400C3286D /* Services */ = {
			isa = XCSwiftPackageProductDependency;
			productName = Services;
		};
		F97A2E742CEEACAC007E6D85 /* Services */ = {
			isa = XCSwiftPackageProductDependency;
			productName = Services;
		};
/* End XCSwiftPackageProductDependency section */
	};
	rootObject = F92921B22B70F5B300173702 /* Project object */;
}
